// !$*UTF8*$!
{
	archiveVersion = 1;
	classes = {
	};
	objectVersion = 48;
	objects = {

/* Begin PBXBuildFile section */
		095EAFBB204FF77D005F3C0A /* Home.storyboard in Resources */ = {isa = PBXBuildFile; fileRef = 095EAFB9204FF77D005F3C0A /* Home.storyboard */; };
		095EAFBD204FF7CD005F3C0A /* Messsage.storyboard in Resources */ = {isa = PBXBuildFile; fileRef = 095EAFBC204FF7CD005F3C0A /* Messsage.storyboard */; };
		095EAFC0204FF7E8005F3C0A /* Discover.storyboard in Resources */ = {isa = PBXBuildFile; fileRef = 095EAFBE204FF7E8005F3C0A /* Discover.storyboard */; };
		095EAFC2204FF7FA005F3C0A /* Profile.storyboard in Resources */ = {isa = PBXBuildFile; fileRef = 095EAFC1204FF7FA005F3C0A /* Profile.storyboard */; };
		095EAFC8205000C8005F3C0A /* Null.storyboard in Resources */ = {isa = PBXBuildFile; fileRef = 095EAFC6205000C8005F3C0A /* Null.storyboard */; };
		095EAFCD205222D9005F3C0A /* UIButton-Extention.swift in Sources */ = {isa = PBXBuildFile; fileRef = 095EAFCC205222D9005F3C0A /* UIButton-Extention.swift */; };
		095EAFD1205237BF005F3C0A /* BaseViewController.swift in Sources */ = {isa = PBXBuildFile; fileRef = 095EAFD0205237BF005F3C0A /* BaseViewController.swift */; };
		095EAFD3205239E2005F3C0A /* VisitorView.swift in Sources */ = {isa = PBXBuildFile; fileRef = 095EAFD2205239E2005F3C0A /* VisitorView.swift */; };
		095EAFD5205239FD005F3C0A /* VisitorView.xib in Resources */ = {isa = PBXBuildFile; fileRef = 095EAFD4205239FD005F3C0A /* VisitorView.xib */; };
		095EAFD820527CA6005F3C0A /* Test.storyboard in Resources */ = {isa = PBXBuildFile; fileRef = 095EAFD620527CA6005F3C0A /* Test.storyboard */; };
		09AED084205F9B0F0019549C /* PopverAnimator.swift in Sources */ = {isa = PBXBuildFile; fileRef = 09AED083205F9B0F0019549C /* PopverAnimator.swift */; };
		09BBBE2D206B2B590047B4C8 /* OAuthViewController.swift in Sources */ = {isa = PBXBuildFile; fileRef = 09BBBE2B206B2B590047B4C8 /* OAuthViewController.swift */; };
		09BBBE31206B2FC20047B4C8 /* OAuthViewController.xib in Resources */ = {isa = PBXBuildFile; fileRef = 09BBBE2C206B2B590047B4C8 /* OAuthViewController.xib */; };
		09BBBE33206B79B80047B4C8 /* NetworkTools.swift in Sources */ = {isa = PBXBuildFile; fileRef = 09BBBE32206B79B80047B4C8 /* NetworkTools.swift */; };
		09BBBE35206B93A40047B4C8 /* Person.swift in Sources */ = {isa = PBXBuildFile; fileRef = 09BBBE34206B93A40047B4C8 /* Person.swift */; };
		09D6AEBB20454DC600F63260 /* MainViewController.swift in Sources */ = {isa = PBXBuildFile; fileRef = 09D6AEBA20454DC600F63260 /* MainViewController.swift */; };
		09D6AEBD20454F4500F63260 /* HomeViewController.swift in Sources */ = {isa = PBXBuildFile; fileRef = 09D6AEBC20454F4500F63260 /* HomeViewController.swift */; };
		09D6AEBF20454F5A00F63260 /* MessageViewController.swift in Sources */ = {isa = PBXBuildFile; fileRef = 09D6AEBE20454F5A00F63260 /* MessageViewController.swift */; };
		09D6AEC120454F6B00F63260 /* DiscoverViewController.swift in Sources */ = {isa = PBXBuildFile; fileRef = 09D6AEC020454F6B00F63260 /* DiscoverViewController.swift */; };
		09D6AEC320454F7C00F63260 /* ProfileViewController.swift in Sources */ = {isa = PBXBuildFile; fileRef = 09D6AEC220454F7C00F63260 /* ProfileViewController.swift */; };
		09D76E00205A43C700B7FBCB /* Const.swift in Sources */ = {isa = PBXBuildFile; fileRef = 09D76DFF205A43C700B7FBCB /* Const.swift */; };
		09D76E05205A5E6E00B7FBCB /* HLYPresentationController.swift in Sources */ = {isa = PBXBuildFile; fileRef = 09D76E02205A5E6E00B7FBCB /* HLYPresentationController.swift */; };
		09D76E06205A5E6E00B7FBCB /* UIPopViewController.swift in Sources */ = {isa = PBXBuildFile; fileRef = 09D76E03205A5E6E00B7FBCB /* UIPopViewController.swift */; };
		09D76E07205A5E6E00B7FBCB /* UIPopViewController.xib in Resources */ = {isa = PBXBuildFile; fileRef = 09D76E04205A5E6E00B7FBCB /* UIPopViewController.xib */; };
		09F226F72045409F0061375C /* AppDelegate.swift in Sources */ = {isa = PBXBuildFile; fileRef = 09F226F62045409F0061375C /* AppDelegate.swift */; };
		09F226FC2045409F0061375C /* Main.storyboard in Resources */ = {isa = PBXBuildFile; fileRef = 09F226FA2045409F0061375C /* Main.storyboard */; };
		09F226FE2045409F0061375C /* Assets.xcassets in Resources */ = {isa = PBXBuildFile; fileRef = 09F226FD2045409F0061375C /* Assets.xcassets */; };
		09F227012045409F0061375C /* LaunchScreen.storyboard in Resources */ = {isa = PBXBuildFile; fileRef = 09F226FF2045409F0061375C /* LaunchScreen.storyboard */; };
		09F40CEC205677AF00A4E7B6 /* UIBarButtonItem-Extension.swift in Sources */ = {isa = PBXBuildFile; fileRef = 09F40CEB205677AF00A4E7B6 /* UIBarButtonItem-Extension.swift */; };
		09F40D0D2057B95A00A4E7B6 /* TitleButton.swift in Sources */ = {isa = PBXBuildFile; fileRef = 09F40D0C2057B95A00A4E7B6 /* TitleButton.swift */; };
		CA6A11E9F6E0296988811C0B /* Pods_HLYWeibo.framework in Frameworks */ = {isa = PBXBuildFile; fileRef = 3C80269402AE1EE2C6F7CAFB /* Pods_HLYWeibo.framework */; };
/* End PBXBuildFile section */

/* Begin PBXFileReference section */
		095EAFBA204FF77D005F3C0A /* Base */ = {isa = PBXFileReference; lastKnownFileType = file.storyboard; name = Base; path = HLYWeibo/Base.lproj/Home.storyboard; sourceTree = "<group>"; };
		095EAFBC204FF7CD005F3C0A /* Messsage.storyboard */ = {isa = PBXFileReference; fileEncoding = 4; lastKnownFileType = file.storyboard; path = Messsage.storyboard; sourceTree = "<group>"; };
		095EAFBF204FF7E8005F3C0A /* Base */ = {isa = PBXFileReference; lastKnownFileType = file.storyboard; name = Base; path = HLYWeibo/Base.lproj/Discover.storyboard; sourceTree = "<group>"; };
		095EAFC1204FF7FA005F3C0A /* Profile.storyboard */ = {isa = PBXFileReference; fileEncoding = 4; lastKnownFileType = file.storyboard; path = Profile.storyboard; sourceTree = "<group>"; };
		095EAFC7205000C8005F3C0A /* Base */ = {isa = PBXFileReference; lastKnownFileType = file.storyboard; name = Base; path = HLYWeibo/Base.lproj/Null.storyboard; sourceTree = "<group>"; };
		095EAFCC205222D9005F3C0A /* UIButton-Extention.swift */ = {isa = PBXFileReference; lastKnownFileType = sourcecode.swift; path = "UIButton-Extention.swift"; sourceTree = "<group>"; };
		095EAFD0205237BF005F3C0A /* BaseViewController.swift */ = {isa = PBXFileReference; lastKnownFileType = sourcecode.swift; path = BaseViewController.swift; sourceTree = "<group>"; };
		095EAFD2205239E2005F3C0A /* VisitorView.swift */ = {isa = PBXFileReference; lastKnownFileType = sourcecode.swift; path = VisitorView.swift; sourceTree = "<group>"; };
		095EAFD4205239FD005F3C0A /* VisitorView.xib */ = {isa = PBXFileReference; lastKnownFileType = file.xib; path = VisitorView.xib; sourceTree = "<group>"; };
		095EAFD720527CA6005F3C0A /* Base */ = {isa = PBXFileReference; lastKnownFileType = file.storyboard; name = Base; path = HLYWeibo/Base.lproj/Test.storyboard; sourceTree = "<group>"; };
		09AED083205F9B0F0019549C /* PopverAnimator.swift */ = {isa = PBXFileReference; lastKnownFileType = sourcecode.swift; path = PopverAnimator.swift; sourceTree = "<group>"; };
		09BBBE2B206B2B590047B4C8 /* OAuthViewController.swift */ = {isa = PBXFileReference; lastKnownFileType = sourcecode.swift; path = OAuthViewController.swift; sourceTree = "<group>"; };
		09BBBE2C206B2B590047B4C8 /* OAuthViewController.xib */ = {isa = PBXFileReference; lastKnownFileType = file.xib; path = OAuthViewController.xib; sourceTree = "<group>"; };
		09BBBE32206B79B80047B4C8 /* NetworkTools.swift */ = {isa = PBXFileReference; fileEncoding = 4; lastKnownFileType = sourcecode.swift; name = NetworkTools.swift; path = "../../../../09-AFNTools/09-AFNTools/NetworkTools.swift"; sourceTree = "<group>"; };
		09BBBE34206B93A40047B4C8 /* Person.swift */ = {isa = PBXFileReference; lastKnownFileType = sourcecode.swift; path = Person.swift; sourceTree = "<group>"; };
		09D6AEBA20454DC600F63260 /* MainViewController.swift */ = {isa = PBXFileReference; lastKnownFileType = sourcecode.swift; path = MainViewController.swift; sourceTree = "<group>"; };
		09D6AEBC20454F4500F63260 /* HomeViewController.swift */ = {isa = PBXFileReference; lastKnownFileType = sourcecode.swift; path = HomeViewController.swift; sourceTree = "<group>"; };
		09D6AEBE20454F5A00F63260 /* MessageViewController.swift */ = {isa = PBXFileReference; lastKnownFileType = sourcecode.swift; path = MessageViewController.swift; sourceTree = "<group>"; };
		09D6AEC020454F6B00F63260 /* DiscoverViewController.swift */ = {isa = PBXFileReference; lastKnownFileType = sourcecode.swift; path = DiscoverViewController.swift; sourceTree = "<group>"; };
		09D6AEC220454F7C00F63260 /* ProfileViewController.swift */ = {isa = PBXFileReference; lastKnownFileType = sourcecode.swift; path = ProfileViewController.swift; sourceTree = "<group>"; };
		09D76DFF205A43C700B7FBCB /* Const.swift */ = {isa = PBXFileReference; lastKnownFileType = sourcecode.swift; path = Const.swift; sourceTree = "<group>"; };
		09D76E02205A5E6E00B7FBCB /* HLYPresentationController.swift */ = {isa = PBXFileReference; fileEncoding = 4; lastKnownFileType = sourcecode.swift; path = HLYPresentationController.swift; sourceTree = "<group>"; };
		09D76E03205A5E6E00B7FBCB /* UIPopViewController.swift */ = {isa = PBXFileReference; fileEncoding = 4; lastKnownFileType = sourcecode.swift; path = UIPopViewController.swift; sourceTree = "<group>"; };
		09D76E04205A5E6E00B7FBCB /* UIPopViewController.xib */ = {isa = PBXFileReference; fileEncoding = 4; lastKnownFileType = file.xib; path = UIPopViewController.xib; sourceTree = "<group>"; };
		09F226F32045409F0061375C /* HLYWeibo.app */ = {isa = PBXFileReference; explicitFileType = wrapper.application; includeInIndex = 0; path = HLYWeibo.app; sourceTree = BUILT_PRODUCTS_DIR; };
		09F226F62045409F0061375C /* AppDelegate.swift */ = {isa = PBXFileReference; lastKnownFileType = sourcecode.swift; path = AppDelegate.swift; sourceTree = "<group>"; };
		09F226FB2045409F0061375C /* Base */ = {isa = PBXFileReference; lastKnownFileType = file.storyboard; name = Base; path = Base.lproj/Main.storyboard; sourceTree = "<group>"; };
		09F226FD2045409F0061375C /* Assets.xcassets */ = {isa = PBXFileReference; lastKnownFileType = folder.assetcatalog; path = Assets.xcassets; sourceTree = "<group>"; };
		09F227002045409F0061375C /* Base */ = {isa = PBXFileReference; lastKnownFileType = file.storyboard; name = Base; path = Base.lproj/LaunchScreen.storyboard; sourceTree = "<group>"; };
		09F227022045409F0061375C /* Info.plist */ = {isa = PBXFileReference; lastKnownFileType = text.plist.xml; path = Info.plist; sourceTree = "<group>"; };
		09F40CEB205677AF00A4E7B6 /* UIBarButtonItem-Extension.swift */ = {isa = PBXFileReference; lastKnownFileType = sourcecode.swift; path = "UIBarButtonItem-Extension.swift"; sourceTree = "<group>"; };
		09F40D0C2057B95A00A4E7B6 /* TitleButton.swift */ = {isa = PBXFileReference; lastKnownFileType = sourcecode.swift; path = TitleButton.swift; sourceTree = "<group>"; };
		1593D88D23057BAA4F6DBD0B /* Pods-HLYWeibo.release.xcconfig */ = {isa = PBXFileReference; includeInIndex = 1; lastKnownFileType = text.xcconfig; name = "Pods-HLYWeibo.release.xcconfig"; path = "Pods/Target Support Files/Pods-HLYWeibo/Pods-HLYWeibo.release.xcconfig"; sourceTree = "<group>"; };
		3C80269402AE1EE2C6F7CAFB /* Pods_HLYWeibo.framework */ = {isa = PBXFileReference; explicitFileType = wrapper.framework; includeInIndex = 0; path = Pods_HLYWeibo.framework; sourceTree = BUILT_PRODUCTS_DIR; };
		3F6981504D1A8FC1150186ED /* Pods-HLYWeibo.debug.xcconfig */ = {isa = PBXFileReference; includeInIndex = 1; lastKnownFileType = text.xcconfig; name = "Pods-HLYWeibo.debug.xcconfig"; path = "Pods/Target Support Files/Pods-HLYWeibo/Pods-HLYWeibo.debug.xcconfig"; sourceTree = "<group>"; };
/* End PBXFileReference section */

/* Begin PBXFrameworksBuildPhase section */
		09F226F02045409F0061375C /* Frameworks */ = {
			isa = PBXFrameworksBuildPhase;
			buildActionMask = 2147483647;
			files = (
				CA6A11E9F6E0296988811C0B /* Pods_HLYWeibo.framework in Frameworks */,
			);
			runOnlyForDeploymentPostprocessing = 0;
		};
/* End PBXFrameworksBuildPhase section */

/* Begin PBXGroup section */
		0776DD01EC5A013ED2E48FD0 /* Frameworks */ = {
			isa = PBXGroup;
			children = (
				3C80269402AE1EE2C6F7CAFB /* Pods_HLYWeibo.framework */,
			);
			name = Frameworks;
			sourceTree = "<group>";
		};
		09444D12206B264A009621D5 /* OAuth */ = {
			isa = PBXGroup;
			children = (
				09BBBE2B206B2B590047B4C8 /* OAuthViewController.swift */,
				09BBBE2C206B2B590047B4C8 /* OAuthViewController.xib */,
				09BBBE34206B93A40047B4C8 /* Person.swift */,
			);
			path = OAuth;
			sourceTree = "<group>";
		};
		095EAFCA2052227B005F3C0A /* Tools */ = {
			isa = PBXGroup;
			children = (
				09BBBE32206B79B80047B4C8 /* NetworkTools.swift */,
				095EAFCB205222AD005F3C0A /* Category */,
			);
			path = Tools;
			sourceTree = "<group>";
		};
		095EAFCB205222AD005F3C0A /* Category */ = {
			isa = PBXGroup;
			children = (
				095EAFCC205222D9005F3C0A /* UIButton-Extention.swift */,
				09F40CEB205677AF00A4E7B6 /* UIBarButtonItem-Extension.swift */,
				09F40D0C2057B95A00A4E7B6 /* TitleButton.swift */,
			);
			path = Category;
			sourceTree = "<group>";
		};
		095EAFCE2052378E005F3C0A /* Resource */ = {
			isa = PBXGroup;
			children = (
			);
			path = Resource;
			sourceTree = "<group>";
		};
		095EAFCF2052378E005F3C0A /* Visitor */ = {
			isa = PBXGroup;
			children = (
				095EAFD0205237BF005F3C0A /* BaseViewController.swift */,
				095EAFD2205239E2005F3C0A /* VisitorView.swift */,
				095EAFD4205239FD005F3C0A /* VisitorView.xib */,
			);
			path = Visitor;
			sourceTree = "<group>";
		};
		09D6AEB420454BBD00F63260 /* Classes */ = {
			isa = PBXGroup;
			children = (
				095EAFCA2052227B005F3C0A /* Tools */,
				09D6AEB520454BBD00F63260 /* Discover */,
				09D6AEB620454BBD00F63260 /* Home */,
				09D6AEB720454BBD00F63260 /* Main */,
				09D6AEB820454BBD00F63260 /* Message */,
				09D6AEB920454BBD00F63260 /* Profile */,
			);
			path = Classes;
			sourceTree = "<group>";
		};
		09D6AEB520454BBD00F63260 /* Discover */ = {
			isa = PBXGroup;
			children = (
				09D6AEC020454F6B00F63260 /* DiscoverViewController.swift */,
				095EAFBE204FF7E8005F3C0A /* Discover.storyboard */,
			);
			path = Discover;
			sourceTree = "<group>";
		};
		09D6AEB620454BBD00F63260 /* Home */ = {
			isa = PBXGroup;
			children = (
				09D76E01205A5E6E00B7FBCB /* PopViewClass */,
				09D6AEBC20454F4500F63260 /* HomeViewController.swift */,
				095EAFB9204FF77D005F3C0A /* Home.storyboard */,
			);
			path = Home;
			sourceTree = "<group>";
		};
		09D6AEB720454BBD00F63260 /* Main */ = {
			isa = PBXGroup;
			children = (
				09444D12206B264A009621D5 /* OAuth */,
				095EAFCE2052378E005F3C0A /* Resource */,
				095EAFCF2052378E005F3C0A /* Visitor */,
				09D6AEBA20454DC600F63260 /* MainViewController.swift */,
			);
			path = Main;
			sourceTree = "<group>";
		};
		09D6AEB820454BBD00F63260 /* Message */ = {
			isa = PBXGroup;
			children = (
				09D6AEBE20454F5A00F63260 /* MessageViewController.swift */,
				095EAFBC204FF7CD005F3C0A /* Messsage.storyboard */,
			);
			path = Message;
			sourceTree = "<group>";
		};
		09D6AEB920454BBD00F63260 /* Profile */ = {
			isa = PBXGroup;
			children = (
				09D6AEC220454F7C00F63260 /* ProfileViewController.swift */,
				095EAFC1204FF7FA005F3C0A /* Profile.storyboard */,
			);
			path = Profile;
			sourceTree = "<group>";
		};
		09D76E01205A5E6E00B7FBCB /* PopViewClass */ = {
			isa = PBXGroup;
			children = (
				09D76E02205A5E6E00B7FBCB /* HLYPresentationController.swift */,
				09D76E03205A5E6E00B7FBCB /* UIPopViewController.swift */,
				09D76E04205A5E6E00B7FBCB /* UIPopViewController.xib */,
				09AED083205F9B0F0019549C /* PopverAnimator.swift */,
			);
			path = PopViewClass;
			sourceTree = "<group>";
		};
		09F226EA2045409F0061375C = {
			isa = PBXGroup;
			children = (
				095EAFD620527CA6005F3C0A /* Test.storyboard */,
				095EAFC6205000C8005F3C0A /* Null.storyboard */,
				09F226F52045409F0061375C /* HLYWeibo */,
				09F226F42045409F0061375C /* Products */,
				EE6BE2983B7730A6AADC4B95 /* Pods */,
				0776DD01EC5A013ED2E48FD0 /* Frameworks */,
			);
			sourceTree = "<group>";
		};
		09F226F42045409F0061375C /* Products */ = {
			isa = PBXGroup;
			children = (
				09F226F32045409F0061375C /* HLYWeibo.app */,
			);
			name = Products;
			sourceTree = "<group>";
		};
		09F226F52045409F0061375C /* HLYWeibo */ = {
			isa = PBXGroup;
			children = (
				09D6AEB420454BBD00F63260 /* Classes */,
				09F226F62045409F0061375C /* AppDelegate.swift */,
				09D76DFF205A43C700B7FBCB /* Const.swift */,
				09F226FA2045409F0061375C /* Main.storyboard */,
				09F226FD2045409F0061375C /* Assets.xcassets */,
				09F226FF2045409F0061375C /* LaunchScreen.storyboard */,
				09F227022045409F0061375C /* Info.plist */,
			);
			path = HLYWeibo;
			sourceTree = "<group>";
		};
		EE6BE2983B7730A6AADC4B95 /* Pods */ = {
			isa = PBXGroup;
			children = (
				3F6981504D1A8FC1150186ED /* Pods-HLYWeibo.debug.xcconfig */,
				1593D88D23057BAA4F6DBD0B /* Pods-HLYWeibo.release.xcconfig */,
			);
			name = Pods;
			sourceTree = "<group>";
		};
/* End PBXGroup section */

/* Begin PBXNativeTarget section */
		09F226F22045409F0061375C /* HLYWeibo */ = {
			isa = PBXNativeTarget;
			buildConfigurationList = 09F227052045409F0061375C /* Build configuration list for PBXNativeTarget "HLYWeibo" */;
			buildPhases = (
				4F3FF4BEA59BB1D7E638683C /* [CP] Check Pods Manifest.lock */,
				09F226EF2045409F0061375C /* Sources */,
				09F226F02045409F0061375C /* Frameworks */,
				09F226F12045409F0061375C /* Resources */,
				07DE69BF789DC40E75BB06C0 /* [CP] Embed Pods Frameworks */,
				B677E751892B17C782B57EC7 /* [CP] Copy Pods Resources */,
			);
			buildRules = (
			);
			dependencies = (
			);
			name = HLYWeibo;
			productName = HLYWeibo;
			productReference = 09F226F32045409F0061375C /* HLYWeibo.app */;
			productType = "com.apple.product-type.application";
		};
/* End PBXNativeTarget section */

/* Begin PBXProject section */
		09F226EB2045409F0061375C /* Project object */ = {
			isa = PBXProject;
			attributes = {
				LastSwiftUpdateCheck = 0910;
				LastUpgradeCheck = 0910;
				ORGANIZATIONNAME = "胡小羊";
				TargetAttributes = {
					09F226F22045409F0061375C = {
						CreatedOnToolsVersion = 9.1;
						ProvisioningStyle = Automatic;
					};
				};
			};
			buildConfigurationList = 09F226EE2045409F0061375C /* Build configuration list for PBXProject "HLYWeibo" */;
			compatibilityVersion = "Xcode 8.0";
			developmentRegion = en;
			hasScannedForEncodings = 0;
			knownRegions = (
				en,
				Base,
			);
			mainGroup = 09F226EA2045409F0061375C;
			productRefGroup = 09F226F42045409F0061375C /* Products */;
			projectDirPath = "";
			projectRoot = "";
			targets = (
				09F226F22045409F0061375C /* HLYWeibo */,
			);
		};
/* End PBXProject section */

/* Begin PBXResourcesBuildPhase section */
		09F226F12045409F0061375C /* Resources */ = {
			isa = PBXResourcesBuildPhase;
			buildActionMask = 2147483647;
			files = (
				09F227012045409F0061375C /* LaunchScreen.storyboard in Resources */,
				095EAFC8205000C8005F3C0A /* Null.storyboard in Resources */,
				09D76E07205A5E6E00B7FBCB /* UIPopViewController.xib in Resources */,
				09F226FE2045409F0061375C /* Assets.xcassets in Resources */,
				09BBBE31206B2FC20047B4C8 /* OAuthViewController.xib in Resources */,
				09F226FC2045409F0061375C /* Main.storyboard in Resources */,
				095EAFD820527CA6005F3C0A /* Test.storyboard in Resources */,
				095EAFBB204FF77D005F3C0A /* Home.storyboard in Resources */,
				095EAFBD204FF7CD005F3C0A /* Messsage.storyboard in Resources */,
				095EAFC2204FF7FA005F3C0A /* Profile.storyboard in Resources */,
				095EAFC0204FF7E8005F3C0A /* Discover.storyboard in Resources */,
				095EAFD5205239FD005F3C0A /* VisitorView.xib in Resources */,
			);
			runOnlyForDeploymentPostprocessing = 0;
		};
/* End PBXResourcesBuildPhase section */

/* Begin PBXShellScriptBuildPhase section */
		07DE69BF789DC40E75BB06C0 /* [CP] Embed Pods Frameworks */ = {
			isa = PBXShellScriptBuildPhase;
			buildActionMask = 2147483647;
			files = (
			);
			inputPaths = (
				"${SRCROOT}/Pods/Target Support Files/Pods-HLYWeibo/Pods-HLYWeibo-frameworks.sh",
				"${BUILT_PRODUCTS_DIR}/Alamofire/Alamofire.framework",
				"${BUILT_PRODUCTS_DIR}/SDWebImage/SDWebImage.framework",
				"${BUILT_PRODUCTS_DIR}/SVProgressHUD/SVProgressHUD.framework",
				"${BUILT_PRODUCTS_DIR}/SnapKit/SnapKit.framework",
			);
			name = "[CP] Embed Pods Frameworks";
			outputPaths = (
				"${TARGET_BUILD_DIR}/${FRAMEWORKS_FOLDER_PATH}/Alamofire.framework",
				"${TARGET_BUILD_DIR}/${FRAMEWORKS_FOLDER_PATH}/SDWebImage.framework",
				"${TARGET_BUILD_DIR}/${FRAMEWORKS_FOLDER_PATH}/SVProgressHUD.framework",
				"${TARGET_BUILD_DIR}/${FRAMEWORKS_FOLDER_PATH}/SnapKit.framework",
			);
			runOnlyForDeploymentPostprocessing = 0;
			shellPath = /bin/sh;
			shellScript = "\"${SRCROOT}/Pods/Target Support Files/Pods-HLYWeibo/Pods-HLYWeibo-frameworks.sh\"\n";
			showEnvVarsInLog = 0;
		};
		4F3FF4BEA59BB1D7E638683C /* [CP] Check Pods Manifest.lock */ = {
			isa = PBXShellScriptBuildPhase;
			buildActionMask = 2147483647;
			files = (
			);
			inputPaths = (
				"${PODS_PODFILE_DIR_PATH}/Podfile.lock",
				"${PODS_ROOT}/Manifest.lock",
			);
			name = "[CP] Check Pods Manifest.lock";
			outputPaths = (
				"$(DERIVED_FILE_DIR)/Pods-HLYWeibo-checkManifestLockResult.txt",
			);
			runOnlyForDeploymentPostprocessing = 0;
			shellPath = /bin/sh;
			shellScript = "diff \"${PODS_PODFILE_DIR_PATH}/Podfile.lock\" \"${PODS_ROOT}/Manifest.lock\" > /dev/null\nif [ $? != 0 ] ; then\n    # print error to STDERR\n    echo \"error: The sandbox is not in sync with the Podfile.lock. Run 'pod install' or update your CocoaPods installation.\" >&2\n    exit 1\nfi\n# This output is used by Xcode 'outputs' to avoid re-running this script phase.\necho \"SUCCESS\" > \"${SCRIPT_OUTPUT_FILE_0}\"\n";
			showEnvVarsInLog = 0;
		};
		B677E751892B17C782B57EC7 /* [CP] Copy Pods Resources */ = {
			isa = PBXShellScriptBuildPhase;
			buildActionMask = 2147483647;
			files = (
			);
			inputPaths = (
			);
			name = "[CP] Copy Pods Resources";
			outputPaths = (
			);
			runOnlyForDeploymentPostprocessing = 0;
			shellPath = /bin/sh;
			shellScript = "\"${SRCROOT}/Pods/Target Support Files/Pods-HLYWeibo/Pods-HLYWeibo-resources.sh\"\n";
			showEnvVarsInLog = 0;
		};
/* End PBXShellScriptBuildPhase section */

/* Begin PBXSourcesBuildPhase section */
		09F226EF2045409F0061375C /* Sources */ = {
			isa = PBXSourcesBuildPhase;
			buildActionMask = 2147483647;
			files = (
				09F40CEC205677AF00A4E7B6 /* UIBarButtonItem-Extension.swift in Sources */,
				09BBBE33206B79B80047B4C8 /* NetworkTools.swift in Sources */,
				09D6AEC320454F7C00F63260 /* ProfileViewController.swift in Sources */,
				09F226F72045409F0061375C /* AppDelegate.swift in Sources */,
				09AED084205F9B0F0019549C /* PopverAnimator.swift in Sources */,
				09BBBE2D206B2B590047B4C8 /* OAuthViewController.swift in Sources */,
				09BBBE35206B93A40047B4C8 /* Person.swift in Sources */,
				09D6AEBB20454DC600F63260 /* MainViewController.swift in Sources */,
				09F40D0D2057B95A00A4E7B6 /* TitleButton.swift in Sources */,
				095EAFCD205222D9005F3C0A /* UIButton-Extention.swift in Sources */,
				09D6AEBF20454F5A00F63260 /* MessageViewController.swift in Sources */,
				095EAFD1205237BF005F3C0A /* BaseViewController.swift in Sources */,
				09D76E06205A5E6E00B7FBCB /* UIPopViewController.swift in Sources */,
				095EAFD3205239E2005F3C0A /* VisitorView.swift in Sources */,
				09D76E05205A5E6E00B7FBCB /* HLYPresentationController.swift in Sources */,
				09D6AEBD20454F4500F63260 /* HomeViewController.swift in Sources */,
				09D6AEC120454F6B00F63260 /* DiscoverViewController.swift in Sources */,
				09D76E00205A43C700B7FBCB /* Const.swift in Sources */,
			);
			runOnlyForDeploymentPostprocessing = 0;
		};
/* End PBXSourcesBuildPhase section */

/* Begin PBXVariantGroup section */
		095EAFB9204FF77D005F3C0A /* Home.storyboard */ = {
			isa = PBXVariantGroup;
			children = (
				095EAFBA204FF77D005F3C0A /* Base */,
			);
			name = Home.storyboard;
			sourceTree = "<group>";
		};
		095EAFBE204FF7E8005F3C0A /* Discover.storyboard */ = {
			isa = PBXVariantGroup;
			children = (
				095EAFBF204FF7E8005F3C0A /* Base */,
			);
			name = Discover.storyboard;
			sourceTree = "<group>";
		};
		095EAFC6205000C8005F3C0A /* Null.storyboard */ = {
			isa = PBXVariantGroup;
			children = (
				095EAFC7205000C8005F3C0A /* Base */,
			);
			name = Null.storyboard;
			sourceTree = "<group>";
		};
		095EAFD620527CA6005F3C0A /* Test.storyboard */ = {
			isa = PBXVariantGroup;
			children = (
				095EAFD720527CA6005F3C0A /* Base */,
			);
			name = Test.storyboard;
			sourceTree = "<group>";
		};
		09F226FA2045409F0061375C /* Main.storyboard */ = {
			isa = PBXVariantGroup;
			children = (
				09F226FB2045409F0061375C /* Base */,
			);
			name = Main.storyboard;
			sourceTree = "<group>";
		};
		09F226FF2045409F0061375C /* LaunchScreen.storyboard */ = {
			isa = PBXVariantGroup;
			children = (
				09F227002045409F0061375C /* Base */,
			);
			name = LaunchScreen.storyboard;
			sourceTree = "<group>";
		};
/* End PBXVariantGroup section */

/* Begin XCBuildConfiguration section */
		09F227032045409F0061375C /* Debug */ = {
			isa = XCBuildConfiguration;
			buildSettings = {
				ALWAYS_SEARCH_USER_PATHS = NO;
				CLANG_ANALYZER_NONNULL = YES;
				CLANG_ANALYZER_NUMBER_OBJECT_CONVERSION = YES_AGGRESSIVE;
				CLANG_CXX_LANGUAGE_STANDARD = "gnu++14";
				CLANG_CXX_LIBRARY = "libc++";
				CLANG_ENABLE_MODULES = YES;
				CLANG_ENABLE_OBJC_ARC = YES;
				CLANG_WARN_BLOCK_CAPTURE_AUTORELEASING = YES;
				CLANG_WARN_BOOL_CONVERSION = YES;
				CLANG_WARN_COMMA = YES;
				CLANG_WARN_CONSTANT_CONVERSION = YES;
				CLANG_WARN_DIRECT_OBJC_ISA_USAGE = YES_ERROR;
				CLANG_WARN_DOCUMENTATION_COMMENTS = YES;
				CLANG_WARN_EMPTY_BODY = YES;
				CLANG_WARN_ENUM_CONVERSION = YES;
				CLANG_WARN_INFINITE_RECURSION = YES;
				CLANG_WARN_INT_CONVERSION = YES;
				CLANG_WARN_NON_LITERAL_NULL_CONVERSION = YES;
				CLANG_WARN_OBJC_LITERAL_CONVERSION = YES;
				CLANG_WARN_OBJC_ROOT_CLASS = YES_ERROR;
				CLANG_WARN_RANGE_LOOP_ANALYSIS = YES;
				CLANG_WARN_STRICT_PROTOTYPES = YES;
				CLANG_WARN_SUSPICIOUS_MOVE = YES;
				CLANG_WARN_UNGUARDED_AVAILABILITY = YES_AGGRESSIVE;
				CLANG_WARN_UNREACHABLE_CODE = YES;
				CLANG_WARN__DUPLICATE_METHOD_MATCH = YES;
				CODE_SIGN_IDENTITY = "iPhone Developer";
				COPY_PHASE_STRIP = NO;
				DEBUG_INFORMATION_FORMAT = dwarf;
				ENABLE_STRICT_OBJC_MSGSEND = YES;
				ENABLE_TESTABILITY = YES;
				GCC_C_LANGUAGE_STANDARD = gnu11;
				GCC_DYNAMIC_NO_PIC = NO;
				GCC_NO_COMMON_BLOCKS = YES;
				GCC_OPTIMIZATION_LEVEL = 0;
				GCC_PREPROCESSOR_DEFINITIONS = (
					"DEBUG=1",
					"$(inherited)",
				);
				GCC_WARN_64_TO_32_BIT_CONVERSION = YES;
				GCC_WARN_ABOUT_RETURN_TYPE = YES_ERROR;
				GCC_WARN_UNDECLARED_SELECTOR = YES;
				GCC_WARN_UNINITIALIZED_AUTOS = YES_AGGRESSIVE;
				GCC_WARN_UNUSED_FUNCTION = YES;
				GCC_WARN_UNUSED_VARIABLE = YES;
				IPHONEOS_DEPLOYMENT_TARGET = 11.1;
				MTL_ENABLE_DEBUG_INFO = YES;
				ONLY_ACTIVE_ARCH = YES;
				SDKROOT = iphoneos;
				SWIFT_ACTIVE_COMPILATION_CONDITIONS = DEBUG;
				SWIFT_OPTIMIZATION_LEVEL = "-Onone";
			};
			name = Debug;
		};
		09F227042045409F0061375C /* Release */ = {
			isa = XCBuildConfiguration;
			buildSettings = {
				ALWAYS_SEARCH_USER_PATHS = NO;
				CLANG_ANALYZER_NONNULL = YES;
				CLANG_ANALYZER_NUMBER_OBJECT_CONVERSION = YES_AGGRESSIVE;
				CLANG_CXX_LANGUAGE_STANDARD = "gnu++14";
				CLANG_CXX_LIBRARY = "libc++";
				CLANG_ENABLE_MODULES = YES;
				CLANG_ENABLE_OBJC_ARC = YES;
				CLANG_WARN_BLOCK_CAPTURE_AUTORELEASING = YES;
				CLANG_WARN_BOOL_CONVERSION = YES;
				CLANG_WARN_COMMA = YES;
				CLANG_WARN_CONSTANT_CONVERSION = YES;
				CLANG_WARN_DIRECT_OBJC_ISA_USAGE = YES_ERROR;
				CLANG_WARN_DOCUMENTATION_COMMENTS = YES;
				CLANG_WARN_EMPTY_BODY = YES;
				CLANG_WARN_ENUM_CONVERSION = YES;
				CLANG_WARN_INFINITE_RECURSION = YES;
				CLANG_WARN_INT_CONVERSION = YES;
				CLANG_WARN_NON_LITERAL_NULL_CONVERSION = YES;
				CLANG_WARN_OBJC_LITERAL_CONVERSION = YES;
				CLANG_WARN_OBJC_ROOT_CLASS = YES_ERROR;
				CLANG_WARN_RANGE_LOOP_ANALYSIS = YES;
				CLANG_WARN_STRICT_PROTOTYPES = YES;
				CLANG_WARN_SUSPICIOUS_MOVE = YES;
				CLANG_WARN_UNGUARDED_AVAILABILITY = YES_AGGRESSIVE;
				CLANG_WARN_UNREACHABLE_CODE = YES;
				CLANG_WARN__DUPLICATE_METHOD_MATCH = YES;
				CODE_SIGN_IDENTITY = "iPhone Developer";
				COPY_PHASE_STRIP = NO;
				DEBUG_INFORMATION_FORMAT = "dwarf-with-dsym";
				ENABLE_NS_ASSERTIONS = NO;
				ENABLE_STRICT_OBJC_MSGSEND = YES;
				GCC_C_LANGUAGE_STANDARD = gnu11;
				GCC_NO_COMMON_BLOCKS = YES;
				GCC_WARN_64_TO_32_BIT_CONVERSION = YES;
				GCC_WARN_ABOUT_RETURN_TYPE = YES_ERROR;
				GCC_WARN_UNDECLARED_SELECTOR = YES;
				GCC_WARN_UNINITIALIZED_AUTOS = YES_AGGRESSIVE;
				GCC_WARN_UNUSED_FUNCTION = YES;
				GCC_WARN_UNUSED_VARIABLE = YES;
				IPHONEOS_DEPLOYMENT_TARGET = 11.1;
				MTL_ENABLE_DEBUG_INFO = NO;
				SDKROOT = iphoneos;
				SWIFT_OPTIMIZATION_LEVEL = "-Owholemodule";
				VALIDATE_PRODUCT = YES;
			};
			name = Release;
		};
		09F227062045409F0061375C /* Debug */ = {
			isa = XCBuildConfiguration;
			baseConfigurationReference = 3F6981504D1A8FC1150186ED /* Pods-HLYWeibo.debug.xcconfig */;
			buildSettings = {
				ASSETCATALOG_COMPILER_APPICON_NAME = AppIcon;
				CODE_SIGN_STYLE = Automatic;
				DEVELOPMENT_TEAM = 75WWG8XJE9;
				INFOPLIST_FILE = HLYWeibo/Info.plist;
				IPHONEOS_DEPLOYMENT_TARGET = 9.0;
				LD_RUNPATH_SEARCH_PATHS = "$(inherited) @executable_path/Frameworks";
				PRODUCT_BUNDLE_IDENTIFIER = cn.com.tongzhi.HLYWeibo;
				PRODUCT_NAME = "$(TARGET_NAME)";
				SWIFT_VERSION = 4.0;
				TARGETED_DEVICE_FAMILY = 1;
			};
			name = Debug;
		};
		09F227072045409F0061375C /* Release */ = {
			isa = XCBuildConfiguration;
			baseConfigurationReference = 1593D88D23057BAA4F6DBD0B /* Pods-HLYWeibo.release.xcconfig */;
			buildSettings = {
				ASSETCATALOG_COMPILER_APPICON_NAME = AppIcon;
				CODE_SIGN_STYLE = Automatic;
				DEVELOPMENT_TEAM = 75WWG8XJE9;
				INFOPLIST_FILE = HLYWeibo/Info.plist;
				IPHONEOS_DEPLOYMENT_TARGET = 9.0;
				LD_RUNPATH_SEARCH_PATHS = "$(inherited) @executable_path/Frameworks";
				PRODUCT_BUNDLE_IDENTIFIER = cn.com.tongzhi.HLYWeibo;
				PRODUCT_NAME = "$(TARGET_NAME)";
				SWIFT_VERSION = 4.0;
				TARGETED_DEVICE_FAMILY = 1;
			};
			name = Release;
		};
/* End XCBuildConfiguration section */

/* Begin XCConfigurationList section */
		09F226EE2045409F0061375C /* Build configuration list for PBXProject "HLYWeibo" */ = {
			isa = XCConfigurationList;
			buildConfigurations = (
				09F227032045409F0061375C /* Debug */,
				09F227042045409F0061375C /* Release */,
			);
			defaultConfigurationIsVisible = 0;
			defaultConfigurationName = Release;
		};
		09F227052045409F0061375C /* Build configuration list for PBXNativeTarget "HLYWeibo" */ = {
			isa = XCConfigurationList;
			buildConfigurations = (
				09F227062045409F0061375C /* Debug */,
				09F227072045409F0061375C /* Release */,
			);
			defaultConfigurationIsVisible = 0;
			defaultConfigurationName = Release;
		};
/* End XCConfigurationList section */
	};
	rootObject = 09F226EB2045409F0061375C /* Project object */;
}
