// !$*UTF8*$!
{
	archiveVersion = 1;
	classes = {
	};
	objectVersion = 48;
	objects = {

/* Begin PBXBuildFile section */
		095E06362122CC72000A57A8 /* JDAFHTTPSessionManager.m in Sources */ = {isa = PBXBuildFile; fileRef = 095E062A2122CC72000A57A8 /* JDAFHTTPSessionManager.m */; };
		095E06372122CC72000A57A8 /* JDAFNetworkReachabilityManager.m in Sources */ = {isa = PBXBuildFile; fileRef = 095E062D2122CC72000A57A8 /* JDAFNetworkReachabilityManager.m */; };
		095E06382122CC72000A57A8 /* JDAFSecurityPolicy.m in Sources */ = {isa = PBXBuildFile; fileRef = 095E062F2122CC72000A57A8 /* JDAFSecurityPolicy.m */; };
		095E06392122CC72000A57A8 /* JDAFURLRequestSerialization.m in Sources */ = {isa = PBXBuildFile; fileRef = 095E06312122CC72000A57A8 /* JDAFURLRequestSerialization.m */; };
		095E063A2122CC72000A57A8 /* JDAFURLResponseSerialization.m in Sources */ = {isa = PBXBuildFile; fileRef = 095E06332122CC72000A57A8 /* JDAFURLResponseSerialization.m */; };
		095E063B2122CC72000A57A8 /* JDAFURLSessionManager.m in Sources */ = {isa = PBXBuildFile; fileRef = 095E06352122CC72000A57A8 /* JDAFURLSessionManager.m */; };
		095E065A2122CE02000A57A8 /* StudySDK.framework in Frameworks */ = {isa = PBXBuildFile; fileRef = 095E06592122CE01000A57A8 /* StudySDK.framework */; };
		09FB7CAB20D290770022FCCC /* AppDelegate.m in Sources */ = {isa = PBXBuildFile; fileRef = 09FB7CAA20D290770022FCCC /* AppDelegate.m */; };
		09FB7CAE20D290770022FCCC /* ViewController.m in Sources */ = {isa = PBXBuildFile; fileRef = 09FB7CAD20D290770022FCCC /* ViewController.m */; };
		09FB7CB120D290770022FCCC /* Main.storyboard in Resources */ = {isa = PBXBuildFile; fileRef = 09FB7CAF20D290770022FCCC /* Main.storyboard */; };
		09FB7CB320D290770022FCCC /* Assets.xcassets in Resources */ = {isa = PBXBuildFile; fileRef = 09FB7CB220D290770022FCCC /* Assets.xcassets */; };
		09FB7CB620D290770022FCCC /* LaunchScreen.storyboard in Resources */ = {isa = PBXBuildFile; fileRef = 09FB7CB420D290770022FCCC /* LaunchScreen.storyboard */; };
		09FB7CB920D290770022FCCC /* main.m in Sources */ = {isa = PBXBuildFile; fileRef = 09FB7CB820D290770022FCCC /* main.m */; };
/* End PBXBuildFile section */

/* Begin PBXFileReference section */
		095E06282122CC72000A57A8 /* JDAFCompatibilityMacros.h */ = {isa = PBXFileReference; fileEncoding = 4; lastKnownFileType = sourcecode.c.h; path = JDAFCompatibilityMacros.h; sourceTree = "<group>"; };
		095E06292122CC72000A57A8 /* JDAFHTTPSessionManager.h */ = {isa = PBXFileReference; fileEncoding = 4; lastKnownFileType = sourcecode.c.h; path = JDAFHTTPSessionManager.h; sourceTree = "<group>"; };
		095E062A2122CC72000A57A8 /* JDAFHTTPSessionManager.m */ = {isa = PBXFileReference; fileEncoding = 4; lastKnownFileType = sourcecode.c.objc; path = JDAFHTTPSessionManager.m; sourceTree = "<group>"; };
		095E062B2122CC72000A57A8 /* JDAFNetworking.h */ = {isa = PBXFileReference; fileEncoding = 4; lastKnownFileType = sourcecode.c.h; path = JDAFNetworking.h; sourceTree = "<group>"; };
		095E062C2122CC72000A57A8 /* JDAFNetworkReachabilityManager.h */ = {isa = PBXFileReference; fileEncoding = 4; lastKnownFileType = sourcecode.c.h; path = JDAFNetworkReachabilityManager.h; sourceTree = "<group>"; };
		095E062D2122CC72000A57A8 /* JDAFNetworkReachabilityManager.m */ = {isa = PBXFileReference; fileEncoding = 4; lastKnownFileType = sourcecode.c.objc; path = JDAFNetworkReachabilityManager.m; sourceTree = "<group>"; };
		095E062E2122CC72000A57A8 /* JDAFSecurityPolicy.h */ = {isa = PBXFileReference; fileEncoding = 4; lastKnownFileType = sourcecode.c.h; path = JDAFSecurityPolicy.h; sourceTree = "<group>"; };
		095E062F2122CC72000A57A8 /* JDAFSecurityPolicy.m */ = {isa = PBXFileReference; fileEncoding = 4; lastKnownFileType = sourcecode.c.objc; path = JDAFSecurityPolicy.m; sourceTree = "<group>"; };
		095E06302122CC72000A57A8 /* JDAFURLRequestSerialization.h */ = {isa = PBXFileReference; fileEncoding = 4; lastKnownFileType = sourcecode.c.h; path = JDAFURLRequestSerialization.h; sourceTree = "<group>"; };
		095E06312122CC72000A57A8 /* JDAFURLRequestSerialization.m */ = {isa = PBXFileReference; fileEncoding = 4; lastKnownFileType = sourcecode.c.objc; path = JDAFURLRequestSerialization.m; sourceTree = "<group>"; };
		095E06322122CC72000A57A8 /* JDAFURLResponseSerialization.h */ = {isa = PBXFileReference; fileEncoding = 4; lastKnownFileType = sourcecode.c.h; path = JDAFURLResponseSerialization.h; sourceTree = "<group>"; };
		095E06332122CC72000A57A8 /* JDAFURLResponseSerialization.m */ = {isa = PBXFileReference; fileEncoding = 4; lastKnownFileType = sourcecode.c.objc; path = JDAFURLResponseSerialization.m; sourceTree = "<group>"; };
		095E06342122CC72000A57A8 /* JDAFURLSessionManager.h */ = {isa = PBXFileReference; fileEncoding = 4; lastKnownFileType = sourcecode.c.h; path = JDAFURLSessionManager.h; sourceTree = "<group>"; };
		095E06352122CC72000A57A8 /* JDAFURLSessionManager.m */ = {isa = PBXFileReference; fileEncoding = 4; lastKnownFileType = sourcecode.c.objc; path = JDAFURLSessionManager.m; sourceTree = "<group>"; };
		095E06592122CE01000A57A8 /* StudySDK.framework */ = {isa = PBXFileReference; lastKnownFileType = wrapper.framework; name = StudySDK.framework; path = ../StudySDK/Products/StudySDK.framework; sourceTree = "<group>"; };
		09FB7CA620D290770022FCCC /* StudySDKDemo.app */ = {isa = PBXFileReference; explicitFileType = wrapper.application; includeInIndex = 0; path = StudySDKDemo.app; sourceTree = BUILT_PRODUCTS_DIR; };
		09FB7CA920D290770022FCCC /* AppDelegate.h */ = {isa = PBXFileReference; lastKnownFileType = sourcecode.c.h; path = AppDelegate.h; sourceTree = "<group>"; };
		09FB7CAA20D290770022FCCC /* AppDelegate.m */ = {isa = PBXFileReference; lastKnownFileType = sourcecode.c.objc; path = AppDelegate.m; sourceTree = "<group>"; };
		09FB7CAC20D290770022FCCC /* ViewController.h */ = {isa = PBXFileReference; lastKnownFileType = sourcecode.c.h; path = ViewController.h; sourceTree = "<group>"; };
		09FB7CAD20D290770022FCCC /* ViewController.m */ = {isa = PBXFileReference; lastKnownFileType = sourcecode.c.objc; path = ViewController.m; sourceTree = "<group>"; };
		09FB7CB020D290770022FCCC /* Base */ = {isa = PBXFileReference; lastKnownFileType = file.storyboard; name = Base; path = Base.lproj/Main.storyboard; sourceTree = "<group>"; };
		09FB7CB220D290770022FCCC /* Assets.xcassets */ = {isa = PBXFileReference; lastKnownFileType = folder.assetcatalog; path = Assets.xcassets; sourceTree = "<group>"; };
		09FB7CB520D290770022FCCC /* Base */ = {isa = PBXFileReference; lastKnownFileType = file.storyboard; name = Base; path = Base.lproj/LaunchScreen.storyboard; sourceTree = "<group>"; };
		09FB7CB720D290770022FCCC /* Info.plist */ = {isa = PBXFileReference; lastKnownFileType = text.plist.xml; path = Info.plist; sourceTree = "<group>"; };
		09FB7CB820D290770022FCCC /* main.m */ = {isa = PBXFileReference; lastKnownFileType = sourcecode.c.objc; path = main.m; sourceTree = "<group>"; };
/* End PBXFileReference section */

/* Begin PBXFrameworksBuildPhase section */
		09FB7CA320D290770022FCCC /* Frameworks */ = {
			isa = PBXFrameworksBuildPhase;
			buildActionMask = 2147483647;
			files = (
				095E065A2122CE02000A57A8 /* StudySDK.framework in Frameworks */,
			);
			runOnlyForDeploymentPostprocessing = 0;
		};
/* End PBXFrameworksBuildPhase section */

/* Begin PBXGroup section */
		095E06242122C945000A57A8 /* Frameworks */ = {
			isa = PBXGroup;
			children = (
			);
			name = Frameworks;
			sourceTree = "<group>";
		};
		095E06272122CC72000A57A8 /* JDAFNetworking */ = {
			isa = PBXGroup;
			children = (
				095E06282122CC72000A57A8 /* JDAFCompatibilityMacros.h */,
				095E06292122CC72000A57A8 /* JDAFHTTPSessionManager.h */,
				095E062A2122CC72000A57A8 /* JDAFHTTPSessionManager.m */,
				095E062B2122CC72000A57A8 /* JDAFNetworking.h */,
				095E062C2122CC72000A57A8 /* JDAFNetworkReachabilityManager.h */,
				095E062D2122CC72000A57A8 /* JDAFNetworkReachabilityManager.m */,
				095E062E2122CC72000A57A8 /* JDAFSecurityPolicy.h */,
				095E062F2122CC72000A57A8 /* JDAFSecurityPolicy.m */,
				095E06302122CC72000A57A8 /* JDAFURLRequestSerialization.h */,
				095E06312122CC72000A57A8 /* JDAFURLRequestSerialization.m */,
				095E06322122CC72000A57A8 /* JDAFURLResponseSerialization.h */,
				095E06332122CC72000A57A8 /* JDAFURLResponseSerialization.m */,
				095E06342122CC72000A57A8 /* JDAFURLSessionManager.h */,
				095E06352122CC72000A57A8 /* JDAFURLSessionManager.m */,
			);
			path = JDAFNetworking;
			sourceTree = "<group>";
		};
		09FB7C9D20D290770022FCCC = {
			isa = PBXGroup;
			children = (
				095E06592122CE01000A57A8 /* StudySDK.framework */,
				09FB7CA820D290770022FCCC /* StudySDKDemo */,
				09FB7CA720D290770022FCCC /* Products */,
				095E06242122C945000A57A8 /* Frameworks */,
			);
			sourceTree = "<group>";
		};
		09FB7CA720D290770022FCCC /* Products */ = {
			isa = PBXGroup;
			children = (
				09FB7CA620D290770022FCCC /* StudySDKDemo.app */,
			);
			name = Products;
			sourceTree = "<group>";
		};
		09FB7CA820D290770022FCCC /* StudySDKDemo */ = {
			isa = PBXGroup;
			children = (
				095E06272122CC72000A57A8 /* JDAFNetworking */,
				09FB7CA920D290770022FCCC /* AppDelegate.h */,
				09FB7CAA20D290770022FCCC /* AppDelegate.m */,
				09FB7CAC20D290770022FCCC /* ViewController.h */,
				09FB7CAD20D290770022FCCC /* ViewController.m */,
				09FB7CAF20D290770022FCCC /* Main.storyboard */,
				09FB7CB220D290770022FCCC /* Assets.xcassets */,
				09FB7CB420D290770022FCCC /* LaunchScreen.storyboard */,
				09FB7CB720D290770022FCCC /* Info.plist */,
				09FB7CB820D290770022FCCC /* main.m */,
			);
			path = StudySDKDemo;
			sourceTree = "<group>";
		};
/* End PBXGroup section */

/* Begin PBXNativeTarget section */
		09FB7CA520D290770022FCCC /* StudySDKDemo */ = {
			isa = PBXNativeTarget;
			buildConfigurationList = 09FB7CBC20D290770022FCCC /* Build configuration list for PBXNativeTarget "StudySDKDemo" */;
			buildPhases = (
				09FB7CA220D290770022FCCC /* Sources */,
				09FB7CA320D290770022FCCC /* Frameworks */,
				09FB7CA420D290770022FCCC /* Resources */,
			);
			buildRules = (
			);
			dependencies = (
			);
			name = StudySDKDemo;
			productName = StudySDKDemo;
			productReference = 09FB7CA620D290770022FCCC /* StudySDKDemo.app */;
			productType = "com.apple.product-type.application";
		};
/* End PBXNativeTarget section */

/* Begin PBXProject section */
		09FB7C9E20D290770022FCCC /* Project object */ = {
			isa = PBXProject;
			attributes = {
				LastUpgradeCheck = 0910;
				ORGANIZATIONNAME = HLY;
				TargetAttributes = {
					09FB7CA520D290770022FCCC = {
						CreatedOnToolsVersion = 9.1;
						ProvisioningStyle = Automatic;
					};
				};
			};
			buildConfigurationList = 09FB7CA120D290770022FCCC /* Build configuration list for PBXProject "StudySDKDemo" */;
			compatibilityVersion = "Xcode 8.0";
			developmentRegion = en;
			hasScannedForEncodings = 0;
			knownRegions = (
				en,
				Base,
			);
			mainGroup = 09FB7C9D20D290770022FCCC;
			productRefGroup = 09FB7CA720D290770022FCCC /* Products */;
			projectDirPath = "";
			projectRoot = "";
			targets = (
				09FB7CA520D290770022FCCC /* StudySDKDemo */,
			);
		};
/* End PBXProject section */

/* Begin PBXResourcesBuildPhase section */
		09FB7CA420D290770022FCCC /* Resources */ = {
			isa = PBXResourcesBuildPhase;
			buildActionMask = 2147483647;
			files = (
				09FB7CB620D290770022FCCC /* LaunchScreen.storyboard in Resources */,
				09FB7CB320D290770022FCCC /* Assets.xcassets in Resources */,
				09FB7CB120D290770022FCCC /* Main.storyboard in Resources */,
			);
			runOnlyForDeploymentPostprocessing = 0;
		};
/* End PBXResourcesBuildPhase section */

/* Begin PBXSourcesBuildPhase section */
		09FB7CA220D290770022FCCC /* Sources */ = {
			isa = PBXSourcesBuildPhase;
			buildActionMask = 2147483647;
			files = (
				095E06392122CC72000A57A8 /* JDAFURLRequestSerialization.m in Sources */,
				09FB7CAE20D290770022FCCC /* ViewController.m in Sources */,
				09FB7CB920D290770022FCCC /* main.m in Sources */,
				095E06382122CC72000A57A8 /* JDAFSecurityPolicy.m in Sources */,
				09FB7CAB20D290770022FCCC /* AppDelegate.m in Sources */,
				095E06372122CC72000A57A8 /* JDAFNetworkReachabilityManager.m in Sources */,
				095E063B2122CC72000A57A8 /* JDAFURLSessionManager.m in Sources */,
				095E063A2122CC72000A57A8 /* JDAFURLResponseSerialization.m in Sources */,
				095E06362122CC72000A57A8 /* JDAFHTTPSessionManager.m in Sources */,
			);
			runOnlyForDeploymentPostprocessing = 0;
		};
/* End PBXSourcesBuildPhase section */

/* Begin PBXVariantGroup section */
		09FB7CAF20D290770022FCCC /* Main.storyboard */ = {
			isa = PBXVariantGroup;
			children = (
				09FB7CB020D290770022FCCC /* Base */,
			);
			name = Main.storyboard;
			sourceTree = "<group>";
		};
		09FB7CB420D290770022FCCC /* LaunchScreen.storyboard */ = {
			isa = PBXVariantGroup;
			children = (
				09FB7CB520D290770022FCCC /* Base */,
			);
			name = LaunchScreen.storyboard;
			sourceTree = "<group>";
		};
/* End PBXVariantGroup section */

/* Begin XCBuildConfiguration section */
		09FB7CBA20D290770022FCCC /* Debug */ = {
			isa = XCBuildConfiguration;
			buildSettings = {
				ALWAYS_SEARCH_USER_PATHS = NO;
				CLANG_ANALYZER_NONNULL = YES;
				CLANG_ANALYZER_NUMBER_OBJECT_CONVERSION = YES_AGGRESSIVE;
				CLANG_CXX_LANGUAGE_STANDARD = "gnu++14";
				CLANG_CXX_LIBRARY = "libc++";
				CLANG_ENABLE_MODULES = YES;
				CLANG_ENABLE_OBJC_ARC = YES;
				CLANG_WARN_BLOCK_CAPTURE_AUTORELEASING = YES;
				CLANG_WARN_BOOL_CONVERSION = YES;
				CLANG_WARN_COMMA = YES;
				CLANG_WARN_CONSTANT_CONVERSION = YES;
				CLANG_WARN_DIRECT_OBJC_ISA_USAGE = YES_ERROR;
				CLANG_WARN_DOCUMENTATION_COMMENTS = YES;
				CLANG_WARN_EMPTY_BODY = YES;
				CLANG_WARN_ENUM_CONVERSION = YES;
				CLANG_WARN_INFINITE_RECURSION = YES;
				CLANG_WARN_INT_CONVERSION = YES;
				CLANG_WARN_NON_LITERAL_NULL_CONVERSION = YES;
				CLANG_WARN_OBJC_LITERAL_CONVERSION = YES;
				CLANG_WARN_OBJC_ROOT_CLASS = YES_ERROR;
				CLANG_WARN_RANGE_LOOP_ANALYSIS = YES;
				CLANG_WARN_STRICT_PROTOTYPES = YES;
				CLANG_WARN_SUSPICIOUS_MOVE = YES;
				CLANG_WARN_UNGUARDED_AVAILABILITY = YES_AGGRESSIVE;
				CLANG_WARN_UNREACHABLE_CODE = YES;
				CLANG_WARN__DUPLICATE_METHOD_MATCH = YES;
				CODE_SIGN_IDENTITY = "iPhone Developer";
				COPY_PHASE_STRIP = NO;
				DEBUG_INFORMATION_FORMAT = dwarf;
				ENABLE_STRICT_OBJC_MSGSEND = YES;
				ENABLE_TESTABILITY = YES;
				GCC_C_LANGUAGE_STANDARD = gnu11;
				GCC_DYNAMIC_NO_PIC = NO;
				GCC_NO_COMMON_BLOCKS = YES;
				GCC_OPTIMIZATION_LEVEL = 0;
				GCC_PREPROCESSOR_DEFINITIONS = (
					"DEBUG=1",
					"$(inherited)",
				);
				GCC_WARN_64_TO_32_BIT_CONVERSION = YES;
				GCC_WARN_ABOUT_RETURN_TYPE = YES_ERROR;
				GCC_WARN_UNDECLARED_SELECTOR = YES;
				GCC_WARN_UNINITIALIZED_AUTOS = YES_AGGRESSIVE;
				GCC_WARN_UNUSED_FUNCTION = YES;
				GCC_WARN_UNUSED_VARIABLE = YES;
				IPHONEOS_DEPLOYMENT_TARGET = 11.1;
				MTL_ENABLE_DEBUG_INFO = YES;
				ONLY_ACTIVE_ARCH = YES;
				SDKROOT = iphoneos;
			};
			name = Debug;
		};
		09FB7CBB20D290770022FCCC /* Release */ = {
			isa = XCBuildConfiguration;
			buildSettings = {
				ALWAYS_SEARCH_USER_PATHS = NO;
				CLANG_ANALYZER_NONNULL = YES;
				CLANG_ANALYZER_NUMBER_OBJECT_CONVERSION = YES_AGGRESSIVE;
				CLANG_CXX_LANGUAGE_STANDARD = "gnu++14";
				CLANG_CXX_LIBRARY = "libc++";
				CLANG_ENABLE_MODULES = YES;
				CLANG_ENABLE_OBJC_ARC = YES;
				CLANG_WARN_BLOCK_CAPTURE_AUTORELEASING = YES;
				CLANG_WARN_BOOL_CONVERSION = YES;
				CLANG_WARN_COMMA = YES;
				CLANG_WARN_CONSTANT_CONVERSION = YES;
				CLANG_WARN_DIRECT_OBJC_ISA_USAGE = YES_ERROR;
				CLANG_WARN_DOCUMENTATION_COMMENTS = YES;
				CLANG_WARN_EMPTY_BODY = YES;
				CLANG_WARN_ENUM_CONVERSION = YES;
				CLANG_WARN_INFINITE_RECURSION = YES;
				CLANG_WARN_INT_CONVERSION = YES;
				CLANG_WARN_NON_LITERAL_NULL_CONVERSION = YES;
				CLANG_WARN_OBJC_LITERAL_CONVERSION = YES;
				CLANG_WARN_OBJC_ROOT_CLASS = YES_ERROR;
				CLANG_WARN_RANGE_LOOP_ANALYSIS = YES;
				CLANG_WARN_STRICT_PROTOTYPES = YES;
				CLANG_WARN_SUSPICIOUS_MOVE = YES;
				CLANG_WARN_UNGUARDED_AVAILABILITY = YES_AGGRESSIVE;
				CLANG_WARN_UNREACHABLE_CODE = YES;
				CLANG_WARN__DUPLICATE_METHOD_MATCH = YES;
				CODE_SIGN_IDENTITY = "iPhone Developer";
				COPY_PHASE_STRIP = NO;
				DEBUG_INFORMATION_FORMAT = "dwarf-with-dsym";
				ENABLE_NS_ASSERTIONS = NO;
				ENABLE_STRICT_OBJC_MSGSEND = YES;
				GCC_C_LANGUAGE_STANDARD = gnu11;
				GCC_NO_COMMON_BLOCKS = YES;
				GCC_WARN_64_TO_32_BIT_CONVERSION = YES;
				GCC_WARN_ABOUT_RETURN_TYPE = YES_ERROR;
				GCC_WARN_UNDECLARED_SELECTOR = YES;
				GCC_WARN_UNINITIALIZED_AUTOS = YES_AGGRESSIVE;
				GCC_WARN_UNUSED_FUNCTION = YES;
				GCC_WARN_UNUSED_VARIABLE = YES;
				IPHONEOS_DEPLOYMENT_TARGET = 11.1;
				MTL_ENABLE_DEBUG_INFO = NO;
				SDKROOT = iphoneos;
				VALIDATE_PRODUCT = YES;
			};
			name = Release;
		};
		09FB7CBD20D290770022FCCC /* Debug */ = {
			isa = XCBuildConfiguration;
			buildSettings = {
				ASSETCATALOG_COMPILER_APPICON_NAME = AppIcon;
				CODE_SIGN_STYLE = Automatic;
				DEVELOPMENT_TEAM = 75WWG8XJE9;
				INFOPLIST_FILE = StudySDKDemo/Info.plist;
				IPHONEOS_DEPLOYMENT_TARGET = 8.0;
				LD_RUNPATH_SEARCH_PATHS = "$(inherited) @executable_path/Frameworks";
				PRODUCT_BUNDLE_IDENTIFIER = cn.com.tongzhi.StudySDKDemo;
				PRODUCT_NAME = "$(TARGET_NAME)";
				TARGETED_DEVICE_FAMILY = "1,2";
			};
			name = Debug;
		};
		09FB7CBE20D290770022FCCC /* Release */ = {
			isa = XCBuildConfiguration;
			buildSettings = {
				ASSETCATALOG_COMPILER_APPICON_NAME = AppIcon;
				CODE_SIGN_STYLE = Automatic;
				DEVELOPMENT_TEAM = 75WWG8XJE9;
				INFOPLIST_FILE = StudySDKDemo/Info.plist;
				IPHONEOS_DEPLOYMENT_TARGET = 8.0;
				LD_RUNPATH_SEARCH_PATHS = "$(inherited) @executable_path/Frameworks";
				PRODUCT_BUNDLE_IDENTIFIER = cn.com.tongzhi.StudySDKDemo;
				PRODUCT_NAME = "$(TARGET_NAME)";
				TARGETED_DEVICE_FAMILY = "1,2";
			};
			name = Release;
		};
/* End XCBuildConfiguration section */

/* Begin XCConfigurationList section */
		09FB7CA120D290770022FCCC /* Build configuration list for PBXProject "StudySDKDemo" */ = {
			isa = XCConfigurationList;
			buildConfigurations = (
				09FB7CBA20D290770022FCCC /* Debug */,
				09FB7CBB20D290770022FCCC /* Release */,
			);
			defaultConfigurationIsVisible = 0;
			defaultConfigurationName = Release;
		};
		09FB7CBC20D290770022FCCC /* Build configuration list for PBXNativeTarget "StudySDKDemo" */ = {
			isa = XCConfigurationList;
			buildConfigurations = (
				09FB7CBD20D290770022FCCC /* Debug */,
				09FB7CBE20D290770022FCCC /* Release */,
			);
			defaultConfigurationIsVisible = 0;
			defaultConfigurationName = Release;
		};
/* End XCConfigurationList section */
	};
	rootObject = 09FB7C9E20D290770022FCCC /* Project object */;
}
