// !$*UTF8*$!
{
	archiveVersion = 1;
	classes = {
	};
	objectVersion = 48;
	objects = {

/* Begin PBXBuildFile section */
		09FFE4442071C9AE00B11C78 /* AppDelegate.m in Sources */ = {isa = PBXBuildFile; fileRef = 09FFE4432071C9AE00B11C78 /* AppDelegate.m */; };
		09FFE4472071C9AE00B11C78 /* ViewController.m in Sources */ = {isa = PBXBuildFile; fileRef = 09FFE4462071C9AE00B11C78 /* ViewController.m */; };
		09FFE44A2071C9AE00B11C78 /* Main.storyboard in Resources */ = {isa = PBXBuildFile; fileRef = 09FFE4482071C9AE00B11C78 /* Main.storyboard */; };
		09FFE44C2071C9AE00B11C78 /* Assets.xcassets in Resources */ = {isa = PBXBuildFile; fileRef = 09FFE44B2071C9AE00B11C78 /* Assets.xcassets */; };
		09FFE44F2071C9AE00B11C78 /* LaunchScreen.storyboard in Resources */ = {isa = PBXBuildFile; fileRef = 09FFE44D2071C9AE00B11C78 /* LaunchScreen.storyboard */; };
		09FFE4522071C9AE00B11C78 /* main.m in Sources */ = {isa = PBXBuildFile; fileRef = 09FFE4512071C9AE00B11C78 /* main.m */; };
/* End PBXBuildFile section */

/* Begin PBXFileReference section */
		09FFE43F2071C9AE00B11C78 /* UICollectionView-Usage.app */ = {isa = PBXFileReference; explicitFileType = wrapper.application; includeInIndex = 0; path = "UICollectionView-Usage.app"; sourceTree = BUILT_PRODUCTS_DIR; };
		09FFE4422071C9AE00B11C78 /* AppDelegate.h */ = {isa = PBXFileReference; lastKnownFileType = sourcecode.c.h; path = AppDelegate.h; sourceTree = "<group>"; };
		09FFE4432071C9AE00B11C78 /* AppDelegate.m */ = {isa = PBXFileReference; lastKnownFileType = sourcecode.c.objc; path = AppDelegate.m; sourceTree = "<group>"; };
		09FFE4452071C9AE00B11C78 /* ViewController.h */ = {isa = PBXFileReference; lastKnownFileType = sourcecode.c.h; path = ViewController.h; sourceTree = "<group>"; };
		09FFE4462071C9AE00B11C78 /* ViewController.m */ = {isa = PBXFileReference; lastKnownFileType = sourcecode.c.objc; path = ViewController.m; sourceTree = "<group>"; };
		09FFE4492071C9AE00B11C78 /* Base */ = {isa = PBXFileReference; lastKnownFileType = file.storyboard; name = Base; path = Base.lproj/Main.storyboard; sourceTree = "<group>"; };
		09FFE44B2071C9AE00B11C78 /* Assets.xcassets */ = {isa = PBXFileReference; lastKnownFileType = folder.assetcatalog; path = Assets.xcassets; sourceTree = "<group>"; };
		09FFE44E2071C9AE00B11C78 /* Base */ = {isa = PBXFileReference; lastKnownFileType = file.storyboard; name = Base; path = Base.lproj/LaunchScreen.storyboard; sourceTree = "<group>"; };
		09FFE4502071C9AE00B11C78 /* Info.plist */ = {isa = PBXFileReference; lastKnownFileType = text.plist.xml; path = Info.plist; sourceTree = "<group>"; };
		09FFE4512071C9AE00B11C78 /* main.m */ = {isa = PBXFileReference; lastKnownFileType = sourcecode.c.objc; path = main.m; sourceTree = "<group>"; };
/* End PBXFileReference section */

/* Begin PBXFrameworksBuildPhase section */
		09FFE43C2071C9AE00B11C78 /* Frameworks */ = {
			isa = PBXFrameworksBuildPhase;
			buildActionMask = 2147483647;
			files = (
			);
			runOnlyForDeploymentPostprocessing = 0;
		};
/* End PBXFrameworksBuildPhase section */

/* Begin PBXGroup section */
		09FFE4362071C9AE00B11C78 = {
			isa = PBXGroup;
			children = (
				09FFE4412071C9AE00B11C78 /* UICollectionView-Usage */,
				09FFE4402071C9AE00B11C78 /* Products */,
			);
			sourceTree = "<group>";
		};
		09FFE4402071C9AE00B11C78 /* Products */ = {
			isa = PBXGroup;
			children = (
				09FFE43F2071C9AE00B11C78 /* UICollectionView-Usage.app */,
			);
			name = Products;
			sourceTree = "<group>";
		};
		09FFE4412071C9AE00B11C78 /* UICollectionView-Usage */ = {
			isa = PBXGroup;
			children = (
				09FFE4422071C9AE00B11C78 /* AppDelegate.h */,
				09FFE4432071C9AE00B11C78 /* AppDelegate.m */,
				09FFE4452071C9AE00B11C78 /* ViewController.h */,
				09FFE4462071C9AE00B11C78 /* ViewController.m */,
				09FFE4482071C9AE00B11C78 /* Main.storyboard */,
				09FFE44B2071C9AE00B11C78 /* Assets.xcassets */,
				09FFE44D2071C9AE00B11C78 /* LaunchScreen.storyboard */,
				09FFE4502071C9AE00B11C78 /* Info.plist */,
				09FFE4512071C9AE00B11C78 /* main.m */,
			);
			path = "UICollectionView-Usage";
			sourceTree = "<group>";
		};
/* End PBXGroup section */

/* Begin PBXNativeTarget section */
		09FFE43E2071C9AE00B11C78 /* UICollectionView-Usage */ = {
			isa = PBXNativeTarget;
			buildConfigurationList = 09FFE4552071C9AE00B11C78 /* Build configuration list for PBXNativeTarget "UICollectionView-Usage" */;
			buildPhases = (
				09FFE43B2071C9AE00B11C78 /* Sources */,
				09FFE43C2071C9AE00B11C78 /* Frameworks */,
				09FFE43D2071C9AE00B11C78 /* Resources */,
			);
			buildRules = (
			);
			dependencies = (
			);
			name = "UICollectionView-Usage";
			productName = "UICollectionView-Usage";
			productReference = 09FFE43F2071C9AE00B11C78 /* UICollectionView-Usage.app */;
			productType = "com.apple.product-type.application";
		};
/* End PBXNativeTarget section */

/* Begin PBXProject section */
		09FFE4372071C9AE00B11C78 /* Project object */ = {
			isa = PBXProject;
			attributes = {
				LastUpgradeCheck = 0910;
				ORGANIZATIONNAME = "胡小羊";
				TargetAttributes = {
					09FFE43E2071C9AE00B11C78 = {
						CreatedOnToolsVersion = 9.1;
						ProvisioningStyle = Automatic;
					};
				};
			};
			buildConfigurationList = 09FFE43A2071C9AE00B11C78 /* Build configuration list for PBXProject "UICollectionView-Usage" */;
			compatibilityVersion = "Xcode 8.0";
			developmentRegion = en;
			hasScannedForEncodings = 0;
			knownRegions = (
				en,
				Base,
			);
			mainGroup = 09FFE4362071C9AE00B11C78;
			productRefGroup = 09FFE4402071C9AE00B11C78 /* Products */;
			projectDirPath = "";
			projectRoot = "";
			targets = (
				09FFE43E2071C9AE00B11C78 /* UICollectionView-Usage */,
			);
		};
/* End PBXProject section */

/* Begin PBXResourcesBuildPhase section */
		09FFE43D2071C9AE00B11C78 /* Resources */ = {
			isa = PBXResourcesBuildPhase;
			buildActionMask = 2147483647;
			files = (
				09FFE44F2071C9AE00B11C78 /* LaunchScreen.storyboard in Resources */,
				09FFE44C2071C9AE00B11C78 /* Assets.xcassets in Resources */,
				09FFE44A2071C9AE00B11C78 /* Main.storyboard in Resources */,
			);
			runOnlyForDeploymentPostprocessing = 0;
		};
/* End PBXResourcesBuildPhase section */

/* Begin PBXSourcesBuildPhase section */
		09FFE43B2071C9AE00B11C78 /* Sources */ = {
			isa = PBXSourcesBuildPhase;
			buildActionMask = 2147483647;
			files = (
				09FFE4472071C9AE00B11C78 /* ViewController.m in Sources */,
				09FFE4522071C9AE00B11C78 /* main.m in Sources */,
				09FFE4442071C9AE00B11C78 /* AppDelegate.m in Sources */,
			);
			runOnlyForDeploymentPostprocessing = 0;
		};
/* End PBXSourcesBuildPhase section */

/* Begin PBXVariantGroup section */
		09FFE4482071C9AE00B11C78 /* Main.storyboard */ = {
			isa = PBXVariantGroup;
			children = (
				09FFE4492071C9AE00B11C78 /* Base */,
			);
			name = Main.storyboard;
			sourceTree = "<group>";
		};
		09FFE44D2071C9AE00B11C78 /* LaunchScreen.storyboard */ = {
			isa = PBXVariantGroup;
			children = (
				09FFE44E2071C9AE00B11C78 /* Base */,
			);
			name = LaunchScreen.storyboard;
			sourceTree = "<group>";
		};
/* End PBXVariantGroup section */

/* Begin XCBuildConfiguration section */
		09FFE4532071C9AE00B11C78 /* Debug */ = {
			isa = XCBuildConfiguration;
			buildSettings = {
				ALWAYS_SEARCH_USER_PATHS = NO;
				CLANG_ANALYZER_NONNULL = YES;
				CLANG_ANALYZER_NUMBER_OBJECT_CONVERSION = YES_AGGRESSIVE;
				CLANG_CXX_LANGUAGE_STANDARD = "gnu++14";
				CLANG_CXX_LIBRARY = "libc++";
				CLANG_ENABLE_MODULES = YES;
				CLANG_ENABLE_OBJC_ARC = YES;
				CLANG_WARN_BLOCK_CAPTURE_AUTORELEASING = YES;
				CLANG_WARN_BOOL_CONVERSION = YES;
				CLANG_WARN_COMMA = YES;
				CLANG_WARN_CONSTANT_CONVERSION = YES;
				CLANG_WARN_DIRECT_OBJC_ISA_USAGE = YES_ERROR;
				CLANG_WARN_DOCUMENTATION_COMMENTS = YES;
				CLANG_WARN_EMPTY_BODY = YES;
				CLANG_WARN_ENUM_CONVERSION = YES;
				CLANG_WARN_INFINITE_RECURSION = YES;
				CLANG_WARN_INT_CONVERSION = YES;
				CLANG_WARN_NON_LITERAL_NULL_CONVERSION = YES;
				CLANG_WARN_OBJC_LITERAL_CONVERSION = YES;
				CLANG_WARN_OBJC_ROOT_CLASS = YES_ERROR;
				CLANG_WARN_RANGE_LOOP_ANALYSIS = YES;
				CLANG_WARN_STRICT_PROTOTYPES = YES;
				CLANG_WARN_SUSPICIOUS_MOVE = YES;
				CLANG_WARN_UNGUARDED_AVAILABILITY = YES_AGGRESSIVE;
				CLANG_WARN_UNREACHABLE_CODE = YES;
				CLANG_WARN__DUPLICATE_METHOD_MATCH = YES;
				CODE_SIGN_IDENTITY = "iPhone Developer";
				COPY_PHASE_STRIP = NO;
				DEBUG_INFORMATION_FORMAT = dwarf;
				ENABLE_STRICT_OBJC_MSGSEND = YES;
				ENABLE_TESTABILITY = YES;
				GCC_C_LANGUAGE_STANDARD = gnu11;
				GCC_DYNAMIC_NO_PIC = NO;
				GCC_NO_COMMON_BLOCKS = YES;
				GCC_OPTIMIZATION_LEVEL = 0;
				GCC_PREPROCESSOR_DEFINITIONS = (
					"DEBUG=1",
					"$(inherited)",
				);
				GCC_WARN_64_TO_32_BIT_CONVERSION = YES;
				GCC_WARN_ABOUT_RETURN_TYPE = YES_ERROR;
				GCC_WARN_UNDECLARED_SELECTOR = YES;
				GCC_WARN_UNINITIALIZED_AUTOS = YES_AGGRESSIVE;
				GCC_WARN_UNUSED_FUNCTION = YES;
				GCC_WARN_UNUSED_VARIABLE = YES;
				IPHONEOS_DEPLOYMENT_TARGET = 11.1;
				MTL_ENABLE_DEBUG_INFO = YES;
				ONLY_ACTIVE_ARCH = YES;
				SDKROOT = iphoneos;
			};
			name = Debug;
		};
		09FFE4542071C9AE00B11C78 /* Release */ = {
			isa = XCBuildConfiguration;
			buildSettings = {
				ALWAYS_SEARCH_USER_PATHS = NO;
				CLANG_ANALYZER_NONNULL = YES;
				CLANG_ANALYZER_NUMBER_OBJECT_CONVERSION = YES_AGGRESSIVE;
				CLANG_CXX_LANGUAGE_STANDARD = "gnu++14";
				CLANG_CXX_LIBRARY = "libc++";
				CLANG_ENABLE_MODULES = YES;
				CLANG_ENABLE_OBJC_ARC = YES;
				CLANG_WARN_BLOCK_CAPTURE_AUTORELEASING = YES;
				CLANG_WARN_BOOL_CONVERSION = YES;
				CLANG_WARN_COMMA = YES;
				CLANG_WARN_CONSTANT_CONVERSION = YES;
				CLANG_WARN_DIRECT_OBJC_ISA_USAGE = YES_ERROR;
				CLANG_WARN_DOCUMENTATION_COMMENTS = YES;
				CLANG_WARN_EMPTY_BODY = YES;
				CLANG_WARN_ENUM_CONVERSION = YES;
				CLANG_WARN_INFINITE_RECURSION = YES;
				CLANG_WARN_INT_CONVERSION = YES;
				CLANG_WARN_NON_LITERAL_NULL_CONVERSION = YES;
				CLANG_WARN_OBJC_LITERAL_CONVERSION = YES;
				CLANG_WARN_OBJC_ROOT_CLASS = YES_ERROR;
				CLANG_WARN_RANGE_LOOP_ANALYSIS = YES;
				CLANG_WARN_STRICT_PROTOTYPES = YES;
				CLANG_WARN_SUSPICIOUS_MOVE = YES;
				CLANG_WARN_UNGUARDED_AVAILABILITY = YES_AGGRESSIVE;
				CLANG_WARN_UNREACHABLE_CODE = YES;
				CLANG_WARN__DUPLICATE_METHOD_MATCH = YES;
				CODE_SIGN_IDENTITY = "iPhone Developer";
				COPY_PHASE_STRIP = NO;
				DEBUG_INFORMATION_FORMAT = "dwarf-with-dsym";
				ENABLE_NS_ASSERTIONS = NO;
				ENABLE_STRICT_OBJC_MSGSEND = YES;
				GCC_C_LANGUAGE_STANDARD = gnu11;
				GCC_NO_COMMON_BLOCKS = YES;
				GCC_WARN_64_TO_32_BIT_CONVERSION = YES;
				GCC_WARN_ABOUT_RETURN_TYPE = YES_ERROR;
				GCC_WARN_UNDECLARED_SELECTOR = YES;
				GCC_WARN_UNINITIALIZED_AUTOS = YES_AGGRESSIVE;
				GCC_WARN_UNUSED_FUNCTION = YES;
				GCC_WARN_UNUSED_VARIABLE = YES;
				IPHONEOS_DEPLOYMENT_TARGET = 11.1;
				MTL_ENABLE_DEBUG_INFO = NO;
				SDKROOT = iphoneos;
				VALIDATE_PRODUCT = YES;
			};
			name = Release;
		};
		09FFE4562071C9AE00B11C78 /* Debug */ = {
			isa = XCBuildConfiguration;
			buildSettings = {
				ASSETCATALOG_COMPILER_APPICON_NAME = AppIcon;
				CODE_SIGN_STYLE = Automatic;
				INFOPLIST_FILE = "UICollectionView-Usage/Info.plist";
				LD_RUNPATH_SEARCH_PATHS = "$(inherited) @executable_path/Frameworks";
				PRODUCT_BUNDLE_IDENTIFIER = "com.feiqu.UICollectionView-Usage";
				PRODUCT_NAME = "$(TARGET_NAME)";
				TARGETED_DEVICE_FAMILY = "1,2";
			};
			name = Debug;
		};
		09FFE4572071C9AE00B11C78 /* Release */ = {
			isa = XCBuildConfiguration;
			buildSettings = {
				ASSETCATALOG_COMPILER_APPICON_NAME = AppIcon;
				CODE_SIGN_STYLE = Automatic;
				INFOPLIST_FILE = "UICollectionView-Usage/Info.plist";
				LD_RUNPATH_SEARCH_PATHS = "$(inherited) @executable_path/Frameworks";
				PRODUCT_BUNDLE_IDENTIFIER = "com.feiqu.UICollectionView-Usage";
				PRODUCT_NAME = "$(TARGET_NAME)";
				TARGETED_DEVICE_FAMILY = "1,2";
			};
			name = Release;
		};
/* End XCBuildConfiguration section */

/* Begin XCConfigurationList section */
		09FFE43A2071C9AE00B11C78 /* Build configuration list for PBXProject "UICollectionView-Usage" */ = {
			isa = XCConfigurationList;
			buildConfigurations = (
				09FFE4532071C9AE00B11C78 /* Debug */,
				09FFE4542071C9AE00B11C78 /* Release */,
			);
			defaultConfigurationIsVisible = 0;
			defaultConfigurationName = Release;
		};
		09FFE4552071C9AE00B11C78 /* Build configuration list for PBXNativeTarget "UICollectionView-Usage" */ = {
			isa = XCConfigurationList;
			buildConfigurations = (
				09FFE4562071C9AE00B11C78 /* Debug */,
				09FFE4572071C9AE00B11C78 /* Release */,
			);
			defaultConfigurationIsVisible = 0;
			defaultConfigurationName = Release;
		};
/* End XCConfigurationList section */
	};
	rootObject = 09FFE4372071C9AE00B11C78 /* Project object */;
}
