// !$*UTF8*$!
{
	archiveVersion = 1;
	classes = {
	};
	objectVersion = 48;
	objects = {

/* Begin PBXBuildFile section */
		09692C4C207B4BEC005C75D2 /* AppDelegate.swift in Sources */ = {isa = PBXBuildFile; fileRef = 09692C4B207B4BEC005C75D2 /* AppDelegate.swift */; };
		09692C4E207B4BEC005C75D2 /* ViewController.swift in Sources */ = {isa = PBXBuildFile; fileRef = 09692C4D207B4BEC005C75D2 /* ViewController.swift */; };
		09692C51207B4BEC005C75D2 /* Main.storyboard in Resources */ = {isa = PBXBuildFile; fileRef = 09692C4F207B4BEC005C75D2 /* Main.storyboard */; };
		09692C53207B4BEC005C75D2 /* Assets.xcassets in Resources */ = {isa = PBXBuildFile; fileRef = 09692C52207B4BEC005C75D2 /* Assets.xcassets */; };
		09692C56207B4BEC005C75D2 /* LaunchScreen.storyboard in Resources */ = {isa = PBXBuildFile; fileRef = 09692C54207B4BEC005C75D2 /* LaunchScreen.storyboard */; };
		09692C5E207C54CF005C75D2 /* NSDate+Extension.swift in Sources */ = {isa = PBXBuildFile; fileRef = 09692C5D207C54CF005C75D2 /* NSDate+Extension.swift */; };
/* End PBXBuildFile section */

/* Begin PBXFileReference section */
		09692C48207B4BEC005C75D2 /* 20-时间处理.app */ = {isa = PBXFileReference; explicitFileType = wrapper.application; includeInIndex = 0; path = "20-时间处理.app"; sourceTree = BUILT_PRODUCTS_DIR; };
		09692C4B207B4BEC005C75D2 /* AppDelegate.swift */ = {isa = PBXFileReference; lastKnownFileType = sourcecode.swift; path = AppDelegate.swift; sourceTree = "<group>"; };
		09692C4D207B4BEC005C75D2 /* ViewController.swift */ = {isa = PBXFileReference; lastKnownFileType = sourcecode.swift; path = ViewController.swift; sourceTree = "<group>"; };
		09692C50207B4BEC005C75D2 /* Base */ = {isa = PBXFileReference; lastKnownFileType = file.storyboard; name = Base; path = Base.lproj/Main.storyboard; sourceTree = "<group>"; };
		09692C52207B4BEC005C75D2 /* Assets.xcassets */ = {isa = PBXFileReference; lastKnownFileType = folder.assetcatalog; path = Assets.xcassets; sourceTree = "<group>"; };
		09692C55207B4BEC005C75D2 /* Base */ = {isa = PBXFileReference; lastKnownFileType = file.storyboard; name = Base; path = Base.lproj/LaunchScreen.storyboard; sourceTree = "<group>"; };
		09692C57207B4BEC005C75D2 /* Info.plist */ = {isa = PBXFileReference; lastKnownFileType = text.plist.xml; path = Info.plist; sourceTree = "<group>"; };
		09692C5D207C54CF005C75D2 /* NSDate+Extension.swift */ = {isa = PBXFileReference; lastKnownFileType = sourcecode.swift; path = "NSDate+Extension.swift"; sourceTree = "<group>"; };
/* End PBXFileReference section */

/* Begin PBXFrameworksBuildPhase section */
		09692C45207B4BEC005C75D2 /* Frameworks */ = {
			isa = PBXFrameworksBuildPhase;
			buildActionMask = 2147483647;
			files = (
			);
			runOnlyForDeploymentPostprocessing = 0;
		};
/* End PBXFrameworksBuildPhase section */

/* Begin PBXGroup section */
		09692C3F207B4BEC005C75D2 = {
			isa = PBXGroup;
			children = (
				09692C4A207B4BEC005C75D2 /* 20-时间处理 */,
				09692C49207B4BEC005C75D2 /* Products */,
			);
			sourceTree = "<group>";
		};
		09692C49207B4BEC005C75D2 /* Products */ = {
			isa = PBXGroup;
			children = (
				09692C48207B4BEC005C75D2 /* 20-时间处理.app */,
			);
			name = Products;
			sourceTree = "<group>";
		};
		09692C4A207B4BEC005C75D2 /* 20-时间处理 */ = {
			isa = PBXGroup;
			children = (
				09692C4B207B4BEC005C75D2 /* AppDelegate.swift */,
				09692C4D207B4BEC005C75D2 /* ViewController.swift */,
				09692C5D207C54CF005C75D2 /* NSDate+Extension.swift */,
				09692C4F207B4BEC005C75D2 /* Main.storyboard */,
				09692C52207B4BEC005C75D2 /* Assets.xcassets */,
				09692C54207B4BEC005C75D2 /* LaunchScreen.storyboard */,
				09692C57207B4BEC005C75D2 /* Info.plist */,
			);
			path = "20-时间处理";
			sourceTree = "<group>";
		};
/* End PBXGroup section */

/* Begin PBXNativeTarget section */
		09692C47207B4BEC005C75D2 /* 20-时间处理 */ = {
			isa = PBXNativeTarget;
			buildConfigurationList = 09692C5A207B4BEC005C75D2 /* Build configuration list for PBXNativeTarget "20-时间处理" */;
			buildPhases = (
				09692C44207B4BEC005C75D2 /* Sources */,
				09692C45207B4BEC005C75D2 /* Frameworks */,
				09692C46207B4BEC005C75D2 /* Resources */,
			);
			buildRules = (
			);
			dependencies = (
			);
			name = "20-时间处理";
			productName = "20-时间处理";
			productReference = 09692C48207B4BEC005C75D2 /* 20-时间处理.app */;
			productType = "com.apple.product-type.application";
		};
/* End PBXNativeTarget section */

/* Begin PBXProject section */
		09692C40207B4BEC005C75D2 /* Project object */ = {
			isa = PBXProject;
			attributes = {
				LastSwiftUpdateCheck = 0910;
				LastUpgradeCheck = 0910;
				ORGANIZATIONNAME = "胡小羊";
				TargetAttributes = {
					09692C47207B4BEC005C75D2 = {
						CreatedOnToolsVersion = 9.1;
						ProvisioningStyle = Automatic;
					};
				};
			};
			buildConfigurationList = 09692C43207B4BEC005C75D2 /* Build configuration list for PBXProject "20-时间处理" */;
			compatibilityVersion = "Xcode 8.0";
			developmentRegion = en;
			hasScannedForEncodings = 0;
			knownRegions = (
				en,
				Base,
			);
			mainGroup = 09692C3F207B4BEC005C75D2;
			productRefGroup = 09692C49207B4BEC005C75D2 /* Products */;
			projectDirPath = "";
			projectRoot = "";
			targets = (
				09692C47207B4BEC005C75D2 /* 20-时间处理 */,
			);
		};
/* End PBXProject section */

/* Begin PBXResourcesBuildPhase section */
		09692C46207B4BEC005C75D2 /* Resources */ = {
			isa = PBXResourcesBuildPhase;
			buildActionMask = 2147483647;
			files = (
				09692C56207B4BEC005C75D2 /* LaunchScreen.storyboard in Resources */,
				09692C53207B4BEC005C75D2 /* Assets.xcassets in Resources */,
				09692C51207B4BEC005C75D2 /* Main.storyboard in Resources */,
			);
			runOnlyForDeploymentPostprocessing = 0;
		};
/* End PBXResourcesBuildPhase section */

/* Begin PBXSourcesBuildPhase section */
		09692C44207B4BEC005C75D2 /* Sources */ = {
			isa = PBXSourcesBuildPhase;
			buildActionMask = 2147483647;
			files = (
				09692C5E207C54CF005C75D2 /* NSDate+Extension.swift in Sources */,
				09692C4E207B4BEC005C75D2 /* ViewController.swift in Sources */,
				09692C4C207B4BEC005C75D2 /* AppDelegate.swift in Sources */,
			);
			runOnlyForDeploymentPostprocessing = 0;
		};
/* End PBXSourcesBuildPhase section */

/* Begin PBXVariantGroup section */
		09692C4F207B4BEC005C75D2 /* Main.storyboard */ = {
			isa = PBXVariantGroup;
			children = (
				09692C50207B4BEC005C75D2 /* Base */,
			);
			name = Main.storyboard;
			sourceTree = "<group>";
		};
		09692C54207B4BEC005C75D2 /* LaunchScreen.storyboard */ = {
			isa = PBXVariantGroup;
			children = (
				09692C55207B4BEC005C75D2 /* Base */,
			);
			name = LaunchScreen.storyboard;
			sourceTree = "<group>";
		};
/* End PBXVariantGroup section */

/* Begin XCBuildConfiguration section */
		09692C58207B4BEC005C75D2 /* Debug */ = {
			isa = XCBuildConfiguration;
			buildSettings = {
				ALWAYS_SEARCH_USER_PATHS = NO;
				CLANG_ANALYZER_NONNULL = YES;
				CLANG_ANALYZER_NUMBER_OBJECT_CONVERSION = YES_AGGRESSIVE;
				CLANG_CXX_LANGUAGE_STANDARD = "gnu++14";
				CLANG_CXX_LIBRARY = "libc++";
				CLANG_ENABLE_MODULES = YES;
				CLANG_ENABLE_OBJC_ARC = YES;
				CLANG_WARN_BLOCK_CAPTURE_AUTORELEASING = YES;
				CLANG_WARN_BOOL_CONVERSION = YES;
				CLANG_WARN_COMMA = YES;
				CLANG_WARN_CONSTANT_CONVERSION = YES;
				CLANG_WARN_DIRECT_OBJC_ISA_USAGE = YES_ERROR;
				CLANG_WARN_DOCUMENTATION_COMMENTS = YES;
				CLANG_WARN_EMPTY_BODY = YES;
				CLANG_WARN_ENUM_CONVERSION = YES;
				CLANG_WARN_INFINITE_RECURSION = YES;
				CLANG_WARN_INT_CONVERSION = YES;
				CLANG_WARN_NON_LITERAL_NULL_CONVERSION = YES;
				CLANG_WARN_OBJC_LITERAL_CONVERSION = YES;
				CLANG_WARN_OBJC_ROOT_CLASS = YES_ERROR;
				CLANG_WARN_RANGE_LOOP_ANALYSIS = YES;
				CLANG_WARN_STRICT_PROTOTYPES = YES;
				CLANG_WARN_SUSPICIOUS_MOVE = YES;
				CLANG_WARN_UNGUARDED_AVAILABILITY = YES_AGGRESSIVE;
				CLANG_WARN_UNREACHABLE_CODE = YES;
				CLANG_WARN__DUPLICATE_METHOD_MATCH = YES;
				CODE_SIGN_IDENTITY = "iPhone Developer";
				COPY_PHASE_STRIP = NO;
				DEBUG_INFORMATION_FORMAT = dwarf;
				ENABLE_STRICT_OBJC_MSGSEND = YES;
				ENABLE_TESTABILITY = YES;
				GCC_C_LANGUAGE_STANDARD = gnu11;
				GCC_DYNAMIC_NO_PIC = NO;
				GCC_NO_COMMON_BLOCKS = YES;
				GCC_OPTIMIZATION_LEVEL = 0;
				GCC_PREPROCESSOR_DEFINITIONS = (
					"DEBUG=1",
					"$(inherited)",
				);
				GCC_WARN_64_TO_32_BIT_CONVERSION = YES;
				GCC_WARN_ABOUT_RETURN_TYPE = YES_ERROR;
				GCC_WARN_UNDECLARED_SELECTOR = YES;
				GCC_WARN_UNINITIALIZED_AUTOS = YES_AGGRESSIVE;
				GCC_WARN_UNUSED_FUNCTION = YES;
				GCC_WARN_UNUSED_VARIABLE = YES;
				IPHONEOS_DEPLOYMENT_TARGET = 11.1;
				MTL_ENABLE_DEBUG_INFO = YES;
				ONLY_ACTIVE_ARCH = YES;
				SDKROOT = iphoneos;
				SWIFT_ACTIVE_COMPILATION_CONDITIONS = DEBUG;
				SWIFT_OPTIMIZATION_LEVEL = "-Onone";
			};
			name = Debug;
		};
		09692C59207B4BEC005C75D2 /* Release */ = {
			isa = XCBuildConfiguration;
			buildSettings = {
				ALWAYS_SEARCH_USER_PATHS = NO;
				CLANG_ANALYZER_NONNULL = YES;
				CLANG_ANALYZER_NUMBER_OBJECT_CONVERSION = YES_AGGRESSIVE;
				CLANG_CXX_LANGUAGE_STANDARD = "gnu++14";
				CLANG_CXX_LIBRARY = "libc++";
				CLANG_ENABLE_MODULES = YES;
				CLANG_ENABLE_OBJC_ARC = YES;
				CLANG_WARN_BLOCK_CAPTURE_AUTORELEASING = YES;
				CLANG_WARN_BOOL_CONVERSION = YES;
				CLANG_WARN_COMMA = YES;
				CLANG_WARN_CONSTANT_CONVERSION = YES;
				CLANG_WARN_DIRECT_OBJC_ISA_USAGE = YES_ERROR;
				CLANG_WARN_DOCUMENTATION_COMMENTS = YES;
				CLANG_WARN_EMPTY_BODY = YES;
				CLANG_WARN_ENUM_CONVERSION = YES;
				CLANG_WARN_INFINITE_RECURSION = YES;
				CLANG_WARN_INT_CONVERSION = YES;
				CLANG_WARN_NON_LITERAL_NULL_CONVERSION = YES;
				CLANG_WARN_OBJC_LITERAL_CONVERSION = YES;
				CLANG_WARN_OBJC_ROOT_CLASS = YES_ERROR;
				CLANG_WARN_RANGE_LOOP_ANALYSIS = YES;
				CLANG_WARN_STRICT_PROTOTYPES = YES;
				CLANG_WARN_SUSPICIOUS_MOVE = YES;
				CLANG_WARN_UNGUARDED_AVAILABILITY = YES_AGGRESSIVE;
				CLANG_WARN_UNREACHABLE_CODE = YES;
				CLANG_WARN__DUPLICATE_METHOD_MATCH = YES;
				CODE_SIGN_IDENTITY = "iPhone Developer";
				COPY_PHASE_STRIP = NO;
				DEBUG_INFORMATION_FORMAT = "dwarf-with-dsym";
				ENABLE_NS_ASSERTIONS = NO;
				ENABLE_STRICT_OBJC_MSGSEND = YES;
				GCC_C_LANGUAGE_STANDARD = gnu11;
				GCC_NO_COMMON_BLOCKS = YES;
				GCC_WARN_64_TO_32_BIT_CONVERSION = YES;
				GCC_WARN_ABOUT_RETURN_TYPE = YES_ERROR;
				GCC_WARN_UNDECLARED_SELECTOR = YES;
				GCC_WARN_UNINITIALIZED_AUTOS = YES_AGGRESSIVE;
				GCC_WARN_UNUSED_FUNCTION = YES;
				GCC_WARN_UNUSED_VARIABLE = YES;
				IPHONEOS_DEPLOYMENT_TARGET = 11.1;
				MTL_ENABLE_DEBUG_INFO = NO;
				SDKROOT = iphoneos;
				SWIFT_OPTIMIZATION_LEVEL = "-Owholemodule";
				VALIDATE_PRODUCT = YES;
			};
			name = Release;
		};
		09692C5B207B4BEC005C75D2 /* Debug */ = {
			isa = XCBuildConfiguration;
			buildSettings = {
				ASSETCATALOG_COMPILER_APPICON_NAME = AppIcon;
				CODE_SIGN_STYLE = Automatic;
				DEVELOPMENT_TEAM = 75WWG8XJE9;
				INFOPLIST_FILE = "20-时间处理/Info.plist";
				IPHONEOS_DEPLOYMENT_TARGET = 9.0;
				LD_RUNPATH_SEARCH_PATHS = "$(inherited) @executable_path/Frameworks";
				PRODUCT_BUNDLE_IDENTIFIER = cn.com.tongzhi.TIME;
				PRODUCT_NAME = "$(TARGET_NAME)";
				SWIFT_VERSION = 4.0;
				TARGETED_DEVICE_FAMILY = "1,2";
			};
			name = Debug;
		};
		09692C5C207B4BEC005C75D2 /* Release */ = {
			isa = XCBuildConfiguration;
			buildSettings = {
				ASSETCATALOG_COMPILER_APPICON_NAME = AppIcon;
				CODE_SIGN_STYLE = Automatic;
				DEVELOPMENT_TEAM = 75WWG8XJE9;
				INFOPLIST_FILE = "20-时间处理/Info.plist";
				IPHONEOS_DEPLOYMENT_TARGET = 9.0;
				LD_RUNPATH_SEARCH_PATHS = "$(inherited) @executable_path/Frameworks";
				PRODUCT_BUNDLE_IDENTIFIER = cn.com.tongzhi.TIME;
				PRODUCT_NAME = "$(TARGET_NAME)";
				SWIFT_VERSION = 4.0;
				TARGETED_DEVICE_FAMILY = "1,2";
			};
			name = Release;
		};
/* End XCBuildConfiguration section */

/* Begin XCConfigurationList section */
		09692C43207B4BEC005C75D2 /* Build configuration list for PBXProject "20-时间处理" */ = {
			isa = XCConfigurationList;
			buildConfigurations = (
				09692C58207B4BEC005C75D2 /* Debug */,
				09692C59207B4BEC005C75D2 /* Release */,
			);
			defaultConfigurationIsVisible = 0;
			defaultConfigurationName = Release;
		};
		09692C5A207B4BEC005C75D2 /* Build configuration list for PBXNativeTarget "20-时间处理" */ = {
			isa = XCConfigurationList;
			buildConfigurations = (
				09692C5B207B4BEC005C75D2 /* Debug */,
				09692C5C207B4BEC005C75D2 /* Release */,
			);
			defaultConfigurationIsVisible = 0;
			defaultConfigurationName = Release;
		};
/* End XCConfigurationList section */
	};
	rootObject = 09692C40207B4BEC005C75D2 /* Project object */;
}
