// !$*UTF8*$!
{
	archiveVersion = 1;
	classes = {
	};
	objectVersion = 48;
	objects = {

/* Begin PBXBuildFile section */
		09D2380D2043F58C00F23107 /* AppDelegate.swift in Sources */ = {isa = PBXBuildFile; fileRef = 09D2380C2043F58C00F23107 /* AppDelegate.swift */; };
		09D2380F2043F58C00F23107 /* ViewController.swift in Sources */ = {isa = PBXBuildFile; fileRef = 09D2380E2043F58C00F23107 /* ViewController.swift */; };
		09D238122043F58C00F23107 /* Main.storyboard in Resources */ = {isa = PBXBuildFile; fileRef = 09D238102043F58C00F23107 /* Main.storyboard */; };
		09D238142043F58C00F23107 /* Assets.xcassets in Resources */ = {isa = PBXBuildFile; fileRef = 09D238132043F58C00F23107 /* Assets.xcassets */; };
		09D238172043F58C00F23107 /* LaunchScreen.storyboard in Resources */ = {isa = PBXBuildFile; fileRef = 09D238152043F58C00F23107 /* LaunchScreen.storyboard */; };
		09D238222043F58D00F23107 /* _0_tableview_____Tests.swift in Sources */ = {isa = PBXBuildFile; fileRef = 09D238212043F58D00F23107 /* _0_tableview_____Tests.swift */; };
		09D2382D2043F58D00F23107 /* _0_tableview_____UITests.swift in Sources */ = {isa = PBXBuildFile; fileRef = 09D2382C2043F58D00F23107 /* _0_tableview_____UITests.swift */; };
/* End PBXBuildFile section */

/* Begin PBXContainerItemProxy section */
		09D2381E2043F58D00F23107 /* PBXContainerItemProxy */ = {
			isa = PBXContainerItemProxy;
			containerPortal = 09D238012043F58C00F23107 /* Project object */;
			proxyType = 1;
			remoteGlobalIDString = 09D238082043F58C00F23107;
			remoteInfo = "10-tableview简单的使用";
		};
		09D238292043F58D00F23107 /* PBXContainerItemProxy */ = {
			isa = PBXContainerItemProxy;
			containerPortal = 09D238012043F58C00F23107 /* Project object */;
			proxyType = 1;
			remoteGlobalIDString = 09D238082043F58C00F23107;
			remoteInfo = "10-tableview简单的使用";
		};
/* End PBXContainerItemProxy section */

/* Begin PBXFileReference section */
		09D238092043F58C00F23107 /* 10-tableview简单的使用.app */ = {isa = PBXFileReference; explicitFileType = wrapper.application; includeInIndex = 0; path = "10-tableview简单的使用.app"; sourceTree = BUILT_PRODUCTS_DIR; };
		09D2380C2043F58C00F23107 /* AppDelegate.swift */ = {isa = PBXFileReference; lastKnownFileType = sourcecode.swift; path = AppDelegate.swift; sourceTree = "<group>"; };
		09D2380E2043F58C00F23107 /* ViewController.swift */ = {isa = PBXFileReference; lastKnownFileType = sourcecode.swift; path = ViewController.swift; sourceTree = "<group>"; };
		09D238112043F58C00F23107 /* Base */ = {isa = PBXFileReference; lastKnownFileType = file.storyboard; name = Base; path = Base.lproj/Main.storyboard; sourceTree = "<group>"; };
		09D238132043F58C00F23107 /* Assets.xcassets */ = {isa = PBXFileReference; lastKnownFileType = folder.assetcatalog; path = Assets.xcassets; sourceTree = "<group>"; };
		09D238162043F58C00F23107 /* Base */ = {isa = PBXFileReference; lastKnownFileType = file.storyboard; name = Base; path = Base.lproj/LaunchScreen.storyboard; sourceTree = "<group>"; };
		09D238182043F58D00F23107 /* Info.plist */ = {isa = PBXFileReference; lastKnownFileType = text.plist.xml; path = Info.plist; sourceTree = "<group>"; };
		09D2381D2043F58D00F23107 /* 10-tableview简单的使用Tests.xctest */ = {isa = PBXFileReference; explicitFileType = wrapper.cfbundle; includeInIndex = 0; path = "10-tableview简单的使用Tests.xctest"; sourceTree = BUILT_PRODUCTS_DIR; };
		09D238212043F58D00F23107 /* _0_tableview_____Tests.swift */ = {isa = PBXFileReference; lastKnownFileType = sourcecode.swift; path = "_0_tableview_____Tests.swift"; sourceTree = "<group>"; };
		09D238232043F58D00F23107 /* Info.plist */ = {isa = PBXFileReference; lastKnownFileType = text.plist.xml; path = Info.plist; sourceTree = "<group>"; };
		09D238282043F58D00F23107 /* 10-tableview简单的使用UITests.xctest */ = {isa = PBXFileReference; explicitFileType = wrapper.cfbundle; includeInIndex = 0; path = "10-tableview简单的使用UITests.xctest"; sourceTree = BUILT_PRODUCTS_DIR; };
		09D2382C2043F58D00F23107 /* _0_tableview_____UITests.swift */ = {isa = PBXFileReference; lastKnownFileType = sourcecode.swift; path = "_0_tableview_____UITests.swift"; sourceTree = "<group>"; };
		09D2382E2043F58D00F23107 /* Info.plist */ = {isa = PBXFileReference; lastKnownFileType = text.plist.xml; path = Info.plist; sourceTree = "<group>"; };
/* End PBXFileReference section */

/* Begin PBXFrameworksBuildPhase section */
		09D238062043F58C00F23107 /* Frameworks */ = {
			isa = PBXFrameworksBuildPhase;
			buildActionMask = 2147483647;
			files = (
			);
			runOnlyForDeploymentPostprocessing = 0;
		};
		09D2381A2043F58D00F23107 /* Frameworks */ = {
			isa = PBXFrameworksBuildPhase;
			buildActionMask = 2147483647;
			files = (
			);
			runOnlyForDeploymentPostprocessing = 0;
		};
		09D238252043F58D00F23107 /* Frameworks */ = {
			isa = PBXFrameworksBuildPhase;
			buildActionMask = 2147483647;
			files = (
			);
			runOnlyForDeploymentPostprocessing = 0;
		};
/* End PBXFrameworksBuildPhase section */

/* Begin PBXGroup section */
		09D238002043F58C00F23107 = {
			isa = PBXGroup;
			children = (
				09D2380B2043F58C00F23107 /* 10-tableview简单的使用 */,
				09D238202043F58D00F23107 /* 10-tableview简单的使用Tests */,
				09D2382B2043F58D00F23107 /* 10-tableview简单的使用UITests */,
				09D2380A2043F58C00F23107 /* Products */,
			);
			sourceTree = "<group>";
		};
		09D2380A2043F58C00F23107 /* Products */ = {
			isa = PBXGroup;
			children = (
				09D238092043F58C00F23107 /* 10-tableview简单的使用.app */,
				09D2381D2043F58D00F23107 /* 10-tableview简单的使用Tests.xctest */,
				09D238282043F58D00F23107 /* 10-tableview简单的使用UITests.xctest */,
			);
			name = Products;
			sourceTree = "<group>";
		};
		09D2380B2043F58C00F23107 /* 10-tableview简单的使用 */ = {
			isa = PBXGroup;
			children = (
				09D2380C2043F58C00F23107 /* AppDelegate.swift */,
				09D2380E2043F58C00F23107 /* ViewController.swift */,
				09D238102043F58C00F23107 /* Main.storyboard */,
				09D238132043F58C00F23107 /* Assets.xcassets */,
				09D238152043F58C00F23107 /* LaunchScreen.storyboard */,
				09D238182043F58D00F23107 /* Info.plist */,
			);
			path = "10-tableview简单的使用";
			sourceTree = "<group>";
		};
		09D238202043F58D00F23107 /* 10-tableview简单的使用Tests */ = {
			isa = PBXGroup;
			children = (
				09D238212043F58D00F23107 /* _0_tableview_____Tests.swift */,
				09D238232043F58D00F23107 /* Info.plist */,
			);
			path = "10-tableview简单的使用Tests";
			sourceTree = "<group>";
		};
		09D2382B2043F58D00F23107 /* 10-tableview简单的使用UITests */ = {
			isa = PBXGroup;
			children = (
				09D2382C2043F58D00F23107 /* _0_tableview_____UITests.swift */,
				09D2382E2043F58D00F23107 /* Info.plist */,
			);
			path = "10-tableview简单的使用UITests";
			sourceTree = "<group>";
		};
/* End PBXGroup section */

/* Begin PBXNativeTarget section */
		09D238082043F58C00F23107 /* 10-tableview简单的使用 */ = {
			isa = PBXNativeTarget;
			buildConfigurationList = 09D238312043F58D00F23107 /* Build configuration list for PBXNativeTarget "10-tableview简单的使用" */;
			buildPhases = (
				09D238052043F58C00F23107 /* Sources */,
				09D238062043F58C00F23107 /* Frameworks */,
				09D238072043F58C00F23107 /* Resources */,
			);
			buildRules = (
			);
			dependencies = (
			);
			name = "10-tableview简单的使用";
			productName = "10-tableview简单的使用";
			productReference = 09D238092043F58C00F23107 /* 10-tableview简单的使用.app */;
			productType = "com.apple.product-type.application";
		};
		09D2381C2043F58D00F23107 /* 10-tableview简单的使用Tests */ = {
			isa = PBXNativeTarget;
			buildConfigurationList = 09D238342043F58D00F23107 /* Build configuration list for PBXNativeTarget "10-tableview简单的使用Tests" */;
			buildPhases = (
				09D238192043F58D00F23107 /* Sources */,
				09D2381A2043F58D00F23107 /* Frameworks */,
				09D2381B2043F58D00F23107 /* Resources */,
			);
			buildRules = (
			);
			dependencies = (
				09D2381F2043F58D00F23107 /* PBXTargetDependency */,
			);
			name = "10-tableview简单的使用Tests";
			productName = "10-tableview简单的使用Tests";
			productReference = 09D2381D2043F58D00F23107 /* 10-tableview简单的使用Tests.xctest */;
			productType = "com.apple.product-type.bundle.unit-test";
		};
		09D238272043F58D00F23107 /* 10-tableview简单的使用UITests */ = {
			isa = PBXNativeTarget;
			buildConfigurationList = 09D238372043F58D00F23107 /* Build configuration list for PBXNativeTarget "10-tableview简单的使用UITests" */;
			buildPhases = (
				09D238242043F58D00F23107 /* Sources */,
				09D238252043F58D00F23107 /* Frameworks */,
				09D238262043F58D00F23107 /* Resources */,
			);
			buildRules = (
			);
			dependencies = (
				09D2382A2043F58D00F23107 /* PBXTargetDependency */,
			);
			name = "10-tableview简单的使用UITests";
			productName = "10-tableview简单的使用UITests";
			productReference = 09D238282043F58D00F23107 /* 10-tableview简单的使用UITests.xctest */;
			productType = "com.apple.product-type.bundle.ui-testing";
		};
/* End PBXNativeTarget section */

/* Begin PBXProject section */
		09D238012043F58C00F23107 /* Project object */ = {
			isa = PBXProject;
			attributes = {
				LastSwiftUpdateCheck = 0910;
				LastUpgradeCheck = 0910;
				ORGANIZATIONNAME = "胡小羊";
				TargetAttributes = {
					09D238082043F58C00F23107 = {
						CreatedOnToolsVersion = 9.1;
						ProvisioningStyle = Automatic;
					};
					09D2381C2043F58D00F23107 = {
						CreatedOnToolsVersion = 9.1;
						ProvisioningStyle = Automatic;
						TestTargetID = 09D238082043F58C00F23107;
					};
					09D238272043F58D00F23107 = {
						CreatedOnToolsVersion = 9.1;
						ProvisioningStyle = Automatic;
						TestTargetID = 09D238082043F58C00F23107;
					};
				};
			};
			buildConfigurationList = 09D238042043F58C00F23107 /* Build configuration list for PBXProject "10-tableview简单的使用" */;
			compatibilityVersion = "Xcode 8.0";
			developmentRegion = en;
			hasScannedForEncodings = 0;
			knownRegions = (
				en,
				Base,
			);
			mainGroup = 09D238002043F58C00F23107;
			productRefGroup = 09D2380A2043F58C00F23107 /* Products */;
			projectDirPath = "";
			projectRoot = "";
			targets = (
				09D238082043F58C00F23107 /* 10-tableview简单的使用 */,
				09D2381C2043F58D00F23107 /* 10-tableview简单的使用Tests */,
				09D238272043F58D00F23107 /* 10-tableview简单的使用UITests */,
			);
		};
/* End PBXProject section */

/* Begin PBXResourcesBuildPhase section */
		09D238072043F58C00F23107 /* Resources */ = {
			isa = PBXResourcesBuildPhase;
			buildActionMask = 2147483647;
			files = (
				09D238172043F58C00F23107 /* LaunchScreen.storyboard in Resources */,
				09D238142043F58C00F23107 /* Assets.xcassets in Resources */,
				09D238122043F58C00F23107 /* Main.storyboard in Resources */,
			);
			runOnlyForDeploymentPostprocessing = 0;
		};
		09D2381B2043F58D00F23107 /* Resources */ = {
			isa = PBXResourcesBuildPhase;
			buildActionMask = 2147483647;
			files = (
			);
			runOnlyForDeploymentPostprocessing = 0;
		};
		09D238262043F58D00F23107 /* Resources */ = {
			isa = PBXResourcesBuildPhase;
			buildActionMask = 2147483647;
			files = (
			);
			runOnlyForDeploymentPostprocessing = 0;
		};
/* End PBXResourcesBuildPhase section */

/* Begin PBXSourcesBuildPhase section */
		09D238052043F58C00F23107 /* Sources */ = {
			isa = PBXSourcesBuildPhase;
			buildActionMask = 2147483647;
			files = (
				09D2380F2043F58C00F23107 /* ViewController.swift in Sources */,
				09D2380D2043F58C00F23107 /* AppDelegate.swift in Sources */,
			);
			runOnlyForDeploymentPostprocessing = 0;
		};
		09D238192043F58D00F23107 /* Sources */ = {
			isa = PBXSourcesBuildPhase;
			buildActionMask = 2147483647;
			files = (
				09D238222043F58D00F23107 /* _0_tableview_____Tests.swift in Sources */,
			);
			runOnlyForDeploymentPostprocessing = 0;
		};
		09D238242043F58D00F23107 /* Sources */ = {
			isa = PBXSourcesBuildPhase;
			buildActionMask = 2147483647;
			files = (
				09D2382D2043F58D00F23107 /* _0_tableview_____UITests.swift in Sources */,
			);
			runOnlyForDeploymentPostprocessing = 0;
		};
/* End PBXSourcesBuildPhase section */

/* Begin PBXTargetDependency section */
		09D2381F2043F58D00F23107 /* PBXTargetDependency */ = {
			isa = PBXTargetDependency;
			target = 09D238082043F58C00F23107 /* 10-tableview简单的使用 */;
			targetProxy = 09D2381E2043F58D00F23107 /* PBXContainerItemProxy */;
		};
		09D2382A2043F58D00F23107 /* PBXTargetDependency */ = {
			isa = PBXTargetDependency;
			target = 09D238082043F58C00F23107 /* 10-tableview简单的使用 */;
			targetProxy = 09D238292043F58D00F23107 /* PBXContainerItemProxy */;
		};
/* End PBXTargetDependency section */

/* Begin PBXVariantGroup section */
		09D238102043F58C00F23107 /* Main.storyboard */ = {
			isa = PBXVariantGroup;
			children = (
				09D238112043F58C00F23107 /* Base */,
			);
			name = Main.storyboard;
			sourceTree = "<group>";
		};
		09D238152043F58C00F23107 /* LaunchScreen.storyboard */ = {
			isa = PBXVariantGroup;
			children = (
				09D238162043F58C00F23107 /* Base */,
			);
			name = LaunchScreen.storyboard;
			sourceTree = "<group>";
		};
/* End PBXVariantGroup section */

/* Begin XCBuildConfiguration section */
		09D2382F2043F58D00F23107 /* Debug */ = {
			isa = XCBuildConfiguration;
			buildSettings = {
				ALWAYS_SEARCH_USER_PATHS = NO;
				CLANG_ANALYZER_NONNULL = YES;
				CLANG_ANALYZER_NUMBER_OBJECT_CONVERSION = YES_AGGRESSIVE;
				CLANG_CXX_LANGUAGE_STANDARD = "gnu++14";
				CLANG_CXX_LIBRARY = "libc++";
				CLANG_ENABLE_MODULES = YES;
				CLANG_ENABLE_OBJC_ARC = YES;
				CLANG_WARN_BLOCK_CAPTURE_AUTORELEASING = YES;
				CLANG_WARN_BOOL_CONVERSION = YES;
				CLANG_WARN_COMMA = YES;
				CLANG_WARN_CONSTANT_CONVERSION = YES;
				CLANG_WARN_DIRECT_OBJC_ISA_USAGE = YES_ERROR;
				CLANG_WARN_DOCUMENTATION_COMMENTS = YES;
				CLANG_WARN_EMPTY_BODY = YES;
				CLANG_WARN_ENUM_CONVERSION = YES;
				CLANG_WARN_INFINITE_RECURSION = YES;
				CLANG_WARN_INT_CONVERSION = YES;
				CLANG_WARN_NON_LITERAL_NULL_CONVERSION = YES;
				CLANG_WARN_OBJC_LITERAL_CONVERSION = YES;
				CLANG_WARN_OBJC_ROOT_CLASS = YES_ERROR;
				CLANG_WARN_RANGE_LOOP_ANALYSIS = YES;
				CLANG_WARN_STRICT_PROTOTYPES = YES;
				CLANG_WARN_SUSPICIOUS_MOVE = YES;
				CLANG_WARN_UNGUARDED_AVAILABILITY = YES_AGGRESSIVE;
				CLANG_WARN_UNREACHABLE_CODE = YES;
				CLANG_WARN__DUPLICATE_METHOD_MATCH = YES;
				CODE_SIGN_IDENTITY = "iPhone Developer";
				COPY_PHASE_STRIP = NO;
				DEBUG_INFORMATION_FORMAT = dwarf;
				ENABLE_STRICT_OBJC_MSGSEND = YES;
				ENABLE_TESTABILITY = YES;
				GCC_C_LANGUAGE_STANDARD = gnu11;
				GCC_DYNAMIC_NO_PIC = NO;
				GCC_NO_COMMON_BLOCKS = YES;
				GCC_OPTIMIZATION_LEVEL = 0;
				GCC_PREPROCESSOR_DEFINITIONS = (
					"DEBUG=1",
					"$(inherited)",
				);
				GCC_WARN_64_TO_32_BIT_CONVERSION = YES;
				GCC_WARN_ABOUT_RETURN_TYPE = YES_ERROR;
				GCC_WARN_UNDECLARED_SELECTOR = YES;
				GCC_WARN_UNINITIALIZED_AUTOS = YES_AGGRESSIVE;
				GCC_WARN_UNUSED_FUNCTION = YES;
				GCC_WARN_UNUSED_VARIABLE = YES;
				IPHONEOS_DEPLOYMENT_TARGET = 11.1;
				MTL_ENABLE_DEBUG_INFO = YES;
				ONLY_ACTIVE_ARCH = YES;
				SDKROOT = iphoneos;
				SWIFT_ACTIVE_COMPILATION_CONDITIONS = DEBUG;
				SWIFT_OPTIMIZATION_LEVEL = "-Onone";
			};
			name = Debug;
		};
		09D238302043F58D00F23107 /* Release */ = {
			isa = XCBuildConfiguration;
			buildSettings = {
				ALWAYS_SEARCH_USER_PATHS = NO;
				CLANG_ANALYZER_NONNULL = YES;
				CLANG_ANALYZER_NUMBER_OBJECT_CONVERSION = YES_AGGRESSIVE;
				CLANG_CXX_LANGUAGE_STANDARD = "gnu++14";
				CLANG_CXX_LIBRARY = "libc++";
				CLANG_ENABLE_MODULES = YES;
				CLANG_ENABLE_OBJC_ARC = YES;
				CLANG_WARN_BLOCK_CAPTURE_AUTORELEASING = YES;
				CLANG_WARN_BOOL_CONVERSION = YES;
				CLANG_WARN_COMMA = YES;
				CLANG_WARN_CONSTANT_CONVERSION = YES;
				CLANG_WARN_DIRECT_OBJC_ISA_USAGE = YES_ERROR;
				CLANG_WARN_DOCUMENTATION_COMMENTS = YES;
				CLANG_WARN_EMPTY_BODY = YES;
				CLANG_WARN_ENUM_CONVERSION = YES;
				CLANG_WARN_INFINITE_RECURSION = YES;
				CLANG_WARN_INT_CONVERSION = YES;
				CLANG_WARN_NON_LITERAL_NULL_CONVERSION = YES;
				CLANG_WARN_OBJC_LITERAL_CONVERSION = YES;
				CLANG_WARN_OBJC_ROOT_CLASS = YES_ERROR;
				CLANG_WARN_RANGE_LOOP_ANALYSIS = YES;
				CLANG_WARN_STRICT_PROTOTYPES = YES;
				CLANG_WARN_SUSPICIOUS_MOVE = YES;
				CLANG_WARN_UNGUARDED_AVAILABILITY = YES_AGGRESSIVE;
				CLANG_WARN_UNREACHABLE_CODE = YES;
				CLANG_WARN__DUPLICATE_METHOD_MATCH = YES;
				CODE_SIGN_IDENTITY = "iPhone Developer";
				COPY_PHASE_STRIP = NO;
				DEBUG_INFORMATION_FORMAT = "dwarf-with-dsym";
				ENABLE_NS_ASSERTIONS = NO;
				ENABLE_STRICT_OBJC_MSGSEND = YES;
				GCC_C_LANGUAGE_STANDARD = gnu11;
				GCC_NO_COMMON_BLOCKS = YES;
				GCC_WARN_64_TO_32_BIT_CONVERSION = YES;
				GCC_WARN_ABOUT_RETURN_TYPE = YES_ERROR;
				GCC_WARN_UNDECLARED_SELECTOR = YES;
				GCC_WARN_UNINITIALIZED_AUTOS = YES_AGGRESSIVE;
				GCC_WARN_UNUSED_FUNCTION = YES;
				GCC_WARN_UNUSED_VARIABLE = YES;
				IPHONEOS_DEPLOYMENT_TARGET = 11.1;
				MTL_ENABLE_DEBUG_INFO = NO;
				SDKROOT = iphoneos;
				SWIFT_OPTIMIZATION_LEVEL = "-Owholemodule";
				VALIDATE_PRODUCT = YES;
			};
			name = Release;
		};
		09D238322043F58D00F23107 /* Debug */ = {
			isa = XCBuildConfiguration;
			buildSettings = {
				ASSETCATALOG_COMPILER_APPICON_NAME = AppIcon;
				CODE_SIGN_STYLE = Automatic;
				INFOPLIST_FILE = "10-tableview简单的使用/Info.plist";
				LD_RUNPATH_SEARCH_PATHS = "$(inherited) @executable_path/Frameworks";
				PRODUCT_BUNDLE_IDENTIFIER = "cn.com.tongzhi.-0-tableview-----";
				PRODUCT_NAME = "$(TARGET_NAME)";
				SWIFT_VERSION = 4.0;
				TARGETED_DEVICE_FAMILY = "1,2";
			};
			name = Debug;
		};
		09D238332043F58D00F23107 /* Release */ = {
			isa = XCBuildConfiguration;
			buildSettings = {
				ASSETCATALOG_COMPILER_APPICON_NAME = AppIcon;
				CODE_SIGN_STYLE = Automatic;
				INFOPLIST_FILE = "10-tableview简单的使用/Info.plist";
				LD_RUNPATH_SEARCH_PATHS = "$(inherited) @executable_path/Frameworks";
				PRODUCT_BUNDLE_IDENTIFIER = "cn.com.tongzhi.-0-tableview-----";
				PRODUCT_NAME = "$(TARGET_NAME)";
				SWIFT_VERSION = 4.0;
				TARGETED_DEVICE_FAMILY = "1,2";
			};
			name = Release;
		};
		09D238352043F58D00F23107 /* Debug */ = {
			isa = XCBuildConfiguration;
			buildSettings = {
				ALWAYS_EMBED_SWIFT_STANDARD_LIBRARIES = YES;
				BUNDLE_LOADER = "$(TEST_HOST)";
				CODE_SIGN_STYLE = Automatic;
				INFOPLIST_FILE = "10-tableview简单的使用Tests/Info.plist";
				LD_RUNPATH_SEARCH_PATHS = "$(inherited) @executable_path/Frameworks @loader_path/Frameworks";
				PRODUCT_BUNDLE_IDENTIFIER = "cn.com.tongzhi.-0-tableview-----Tests";
				PRODUCT_NAME = "$(TARGET_NAME)";
				SWIFT_VERSION = 4.0;
				TARGETED_DEVICE_FAMILY = "1,2";
				TEST_HOST = "$(BUILT_PRODUCTS_DIR)/10-tableview简单的使用.app/10-tableview简单的使用";
			};
			name = Debug;
		};
		09D238362043F58D00F23107 /* Release */ = {
			isa = XCBuildConfiguration;
			buildSettings = {
				ALWAYS_EMBED_SWIFT_STANDARD_LIBRARIES = YES;
				BUNDLE_LOADER = "$(TEST_HOST)";
				CODE_SIGN_STYLE = Automatic;
				INFOPLIST_FILE = "10-tableview简单的使用Tests/Info.plist";
				LD_RUNPATH_SEARCH_PATHS = "$(inherited) @executable_path/Frameworks @loader_path/Frameworks";
				PRODUCT_BUNDLE_IDENTIFIER = "cn.com.tongzhi.-0-tableview-----Tests";
				PRODUCT_NAME = "$(TARGET_NAME)";
				SWIFT_VERSION = 4.0;
				TARGETED_DEVICE_FAMILY = "1,2";
				TEST_HOST = "$(BUILT_PRODUCTS_DIR)/10-tableview简单的使用.app/10-tableview简单的使用";
			};
			name = Release;
		};
		09D238382043F58D00F23107 /* Debug */ = {
			isa = XCBuildConfiguration;
			buildSettings = {
				ALWAYS_EMBED_SWIFT_STANDARD_LIBRARIES = YES;
				CODE_SIGN_STYLE = Automatic;
				INFOPLIST_FILE = "10-tableview简单的使用UITests/Info.plist";
				LD_RUNPATH_SEARCH_PATHS = "$(inherited) @executable_path/Frameworks @loader_path/Frameworks";
				PRODUCT_BUNDLE_IDENTIFIER = "cn.com.tongzhi.-0-tableview-----UITests";
				PRODUCT_NAME = "$(TARGET_NAME)";
				SWIFT_VERSION = 4.0;
				TARGETED_DEVICE_FAMILY = "1,2";
				TEST_TARGET_NAME = "10-tableview简单的使用";
			};
			name = Debug;
		};
		09D238392043F58D00F23107 /* Release */ = {
			isa = XCBuildConfiguration;
			buildSettings = {
				ALWAYS_EMBED_SWIFT_STANDARD_LIBRARIES = YES;
				CODE_SIGN_STYLE = Automatic;
				INFOPLIST_FILE = "10-tableview简单的使用UITests/Info.plist";
				LD_RUNPATH_SEARCH_PATHS = "$(inherited) @executable_path/Frameworks @loader_path/Frameworks";
				PRODUCT_BUNDLE_IDENTIFIER = "cn.com.tongzhi.-0-tableview-----UITests";
				PRODUCT_NAME = "$(TARGET_NAME)";
				SWIFT_VERSION = 4.0;
				TARGETED_DEVICE_FAMILY = "1,2";
				TEST_TARGET_NAME = "10-tableview简单的使用";
			};
			name = Release;
		};
/* End XCBuildConfiguration section */

/* Begin XCConfigurationList section */
		09D238042043F58C00F23107 /* Build configuration list for PBXProject "10-tableview简单的使用" */ = {
			isa = XCConfigurationList;
			buildConfigurations = (
				09D2382F2043F58D00F23107 /* Debug */,
				09D238302043F58D00F23107 /* Release */,
			);
			defaultConfigurationIsVisible = 0;
			defaultConfigurationName = Release;
		};
		09D238312043F58D00F23107 /* Build configuration list for PBXNativeTarget "10-tableview简单的使用" */ = {
			isa = XCConfigurationList;
			buildConfigurations = (
				09D238322043F58D00F23107 /* Debug */,
				09D238332043F58D00F23107 /* Release */,
			);
			defaultConfigurationIsVisible = 0;
			defaultConfigurationName = Release;
		};
		09D238342043F58D00F23107 /* Build configuration list for PBXNativeTarget "10-tableview简单的使用Tests" */ = {
			isa = XCConfigurationList;
			buildConfigurations = (
				09D238352043F58D00F23107 /* Debug */,
				09D238362043F58D00F23107 /* Release */,
			);
			defaultConfigurationIsVisible = 0;
			defaultConfigurationName = Release;
		};
		09D238372043F58D00F23107 /* Build configuration list for PBXNativeTarget "10-tableview简单的使用UITests" */ = {
			isa = XCConfigurationList;
			buildConfigurations = (
				09D238382043F58D00F23107 /* Debug */,
				09D238392043F58D00F23107 /* Release */,
			);
			defaultConfigurationIsVisible = 0;
			defaultConfigurationName = Release;
		};
/* End XCConfigurationList section */
	};
	rootObject = 09D238012043F58C00F23107 /* Project object */;
}
