// !$*UTF8*$!
{
	archiveVersion = 1;
	classes = {
	};
	objectVersion = 48;
	objects = {

/* Begin PBXBuildFile section */
		095E064B2122CC83000A57A8 /* JDAFCompatibilityMacros.h in Headers */ = {isa = PBXBuildFile; fileRef = 095E063D2122CC82000A57A8 /* JDAFCompatibilityMacros.h */; };
		095E064C2122CC83000A57A8 /* JDAFHTTPSessionManager.h in Headers */ = {isa = PBXBuildFile; fileRef = 095E063E2122CC82000A57A8 /* JDAFHTTPSessionManager.h */; };
		095E064D2122CC83000A57A8 /* JDAFHTTPSessionManager.m in Sources */ = {isa = PBXBuildFile; fileRef = 095E063F2122CC82000A57A8 /* JDAFHTTPSessionManager.m */; };
		095E064E2122CC83000A57A8 /* JDAFNetworking.h in Headers */ = {isa = PBXBuildFile; fileRef = 095E06402122CC82000A57A8 /* JDAFNetworking.h */; };
		095E064F2122CC83000A57A8 /* JDAFNetworkReachabilityManager.h in Headers */ = {isa = PBXBuildFile; fileRef = 095E06412122CC82000A57A8 /* JDAFNetworkReachabilityManager.h */; };
		095E06502122CC83000A57A8 /* JDAFNetworkReachabilityManager.m in Sources */ = {isa = PBXBuildFile; fileRef = 095E06422122CC82000A57A8 /* JDAFNetworkReachabilityManager.m */; };
		095E06512122CC83000A57A8 /* JDAFSecurityPolicy.h in Headers */ = {isa = PBXBuildFile; fileRef = 095E06432122CC82000A57A8 /* JDAFSecurityPolicy.h */; };
		095E06522122CC83000A57A8 /* JDAFSecurityPolicy.m in Sources */ = {isa = PBXBuildFile; fileRef = 095E06442122CC82000A57A8 /* JDAFSecurityPolicy.m */; };
		095E06532122CC83000A57A8 /* JDAFURLRequestSerialization.h in Headers */ = {isa = PBXBuildFile; fileRef = 095E06452122CC82000A57A8 /* JDAFURLRequestSerialization.h */; };
		095E06542122CC83000A57A8 /* JDAFURLRequestSerialization.m in Sources */ = {isa = PBXBuildFile; fileRef = 095E06462122CC82000A57A8 /* JDAFURLRequestSerialization.m */; };
		095E06552122CC83000A57A8 /* JDAFURLResponseSerialization.h in Headers */ = {isa = PBXBuildFile; fileRef = 095E06472122CC82000A57A8 /* JDAFURLResponseSerialization.h */; };
		095E06562122CC83000A57A8 /* JDAFURLResponseSerialization.m in Sources */ = {isa = PBXBuildFile; fileRef = 095E06482122CC82000A57A8 /* JDAFURLResponseSerialization.m */; };
		095E06572122CC83000A57A8 /* JDAFURLSessionManager.h in Headers */ = {isa = PBXBuildFile; fileRef = 095E06492122CC82000A57A8 /* JDAFURLSessionManager.h */; };
		095E06582122CC83000A57A8 /* JDAFURLSessionManager.m in Sources */ = {isa = PBXBuildFile; fileRef = 095E064A2122CC82000A57A8 /* JDAFURLSessionManager.m */; };
		09FB7C9720D2902D0022FCCC /* StudySDK.h in Headers */ = {isa = PBXBuildFile; fileRef = 09FB7C9520D2902D0022FCCC /* StudySDK.h */; settings = {ATTRIBUTES = (Public, ); }; };
		09FB7CC120D2908C0022FCCC /* SDKView.h in Headers */ = {isa = PBXBuildFile; fileRef = 09FB7CBF20D2908C0022FCCC /* SDKView.h */; settings = {ATTRIBUTES = (Public, ); }; };
		09FB7CC220D2908C0022FCCC /* SDKView.m in Sources */ = {isa = PBXBuildFile; fileRef = 09FB7CC020D2908C0022FCCC /* SDKView.m */; };
/* End PBXBuildFile section */

/* Begin PBXFileReference section */
		095E063D2122CC82000A57A8 /* JDAFCompatibilityMacros.h */ = {isa = PBXFileReference; fileEncoding = 4; lastKnownFileType = sourcecode.c.h; path = JDAFCompatibilityMacros.h; sourceTree = "<group>"; };
		095E063E2122CC82000A57A8 /* JDAFHTTPSessionManager.h */ = {isa = PBXFileReference; fileEncoding = 4; lastKnownFileType = sourcecode.c.h; path = JDAFHTTPSessionManager.h; sourceTree = "<group>"; };
		095E063F2122CC82000A57A8 /* JDAFHTTPSessionManager.m */ = {isa = PBXFileReference; fileEncoding = 4; lastKnownFileType = sourcecode.c.objc; path = JDAFHTTPSessionManager.m; sourceTree = "<group>"; };
		095E06402122CC82000A57A8 /* JDAFNetworking.h */ = {isa = PBXFileReference; fileEncoding = 4; lastKnownFileType = sourcecode.c.h; path = JDAFNetworking.h; sourceTree = "<group>"; };
		095E06412122CC82000A57A8 /* JDAFNetworkReachabilityManager.h */ = {isa = PBXFileReference; fileEncoding = 4; lastKnownFileType = sourcecode.c.h; path = JDAFNetworkReachabilityManager.h; sourceTree = "<group>"; };
		095E06422122CC82000A57A8 /* JDAFNetworkReachabilityManager.m */ = {isa = PBXFileReference; fileEncoding = 4; lastKnownFileType = sourcecode.c.objc; path = JDAFNetworkReachabilityManager.m; sourceTree = "<group>"; };
		095E06432122CC82000A57A8 /* JDAFSecurityPolicy.h */ = {isa = PBXFileReference; fileEncoding = 4; lastKnownFileType = sourcecode.c.h; path = JDAFSecurityPolicy.h; sourceTree = "<group>"; };
		095E06442122CC82000A57A8 /* JDAFSecurityPolicy.m */ = {isa = PBXFileReference; fileEncoding = 4; lastKnownFileType = sourcecode.c.objc; path = JDAFSecurityPolicy.m; sourceTree = "<group>"; };
		095E06452122CC82000A57A8 /* JDAFURLRequestSerialization.h */ = {isa = PBXFileReference; fileEncoding = 4; lastKnownFileType = sourcecode.c.h; path = JDAFURLRequestSerialization.h; sourceTree = "<group>"; };
		095E06462122CC82000A57A8 /* JDAFURLRequestSerialization.m */ = {isa = PBXFileReference; fileEncoding = 4; lastKnownFileType = sourcecode.c.objc; path = JDAFURLRequestSerialization.m; sourceTree = "<group>"; };
		095E06472122CC82000A57A8 /* JDAFURLResponseSerialization.h */ = {isa = PBXFileReference; fileEncoding = 4; lastKnownFileType = sourcecode.c.h; path = JDAFURLResponseSerialization.h; sourceTree = "<group>"; };
		095E06482122CC82000A57A8 /* JDAFURLResponseSerialization.m */ = {isa = PBXFileReference; fileEncoding = 4; lastKnownFileType = sourcecode.c.objc; path = JDAFURLResponseSerialization.m; sourceTree = "<group>"; };
		095E06492122CC82000A57A8 /* JDAFURLSessionManager.h */ = {isa = PBXFileReference; fileEncoding = 4; lastKnownFileType = sourcecode.c.h; path = JDAFURLSessionManager.h; sourceTree = "<group>"; };
		095E064A2122CC82000A57A8 /* JDAFURLSessionManager.m */ = {isa = PBXFileReference; fileEncoding = 4; lastKnownFileType = sourcecode.c.objc; path = JDAFURLSessionManager.m; sourceTree = "<group>"; };
		09FB7C9220D2902D0022FCCC /* StudySDK.framework */ = {isa = PBXFileReference; explicitFileType = wrapper.framework; includeInIndex = 0; path = StudySDK.framework; sourceTree = BUILT_PRODUCTS_DIR; };
		09FB7C9520D2902D0022FCCC /* StudySDK.h */ = {isa = PBXFileReference; lastKnownFileType = sourcecode.c.h; path = StudySDK.h; sourceTree = "<group>"; };
		09FB7C9620D2902D0022FCCC /* Info.plist */ = {isa = PBXFileReference; lastKnownFileType = text.plist.xml; path = Info.plist; sourceTree = "<group>"; };
		09FB7CBF20D2908C0022FCCC /* SDKView.h */ = {isa = PBXFileReference; lastKnownFileType = sourcecode.c.h; path = SDKView.h; sourceTree = "<group>"; };
		09FB7CC020D2908C0022FCCC /* SDKView.m */ = {isa = PBXFileReference; lastKnownFileType = sourcecode.c.objc; path = SDKView.m; sourceTree = "<group>"; };
/* End PBXFileReference section */

/* Begin PBXFrameworksBuildPhase section */
		09FB7C8E20D2902D0022FCCC /* Frameworks */ = {
			isa = PBXFrameworksBuildPhase;
			buildActionMask = 2147483647;
			files = (
			);
			runOnlyForDeploymentPostprocessing = 0;
		};
/* End PBXFrameworksBuildPhase section */

/* Begin PBXGroup section */
		095E063C2122CC82000A57A8 /* JDAFNetworking */ = {
			isa = PBXGroup;
			children = (
				095E063D2122CC82000A57A8 /* JDAFCompatibilityMacros.h */,
				095E063E2122CC82000A57A8 /* JDAFHTTPSessionManager.h */,
				095E063F2122CC82000A57A8 /* JDAFHTTPSessionManager.m */,
				095E06402122CC82000A57A8 /* JDAFNetworking.h */,
				095E06412122CC82000A57A8 /* JDAFNetworkReachabilityManager.h */,
				095E06422122CC82000A57A8 /* JDAFNetworkReachabilityManager.m */,
				095E06432122CC82000A57A8 /* JDAFSecurityPolicy.h */,
				095E06442122CC82000A57A8 /* JDAFSecurityPolicy.m */,
				095E06452122CC82000A57A8 /* JDAFURLRequestSerialization.h */,
				095E06462122CC82000A57A8 /* JDAFURLRequestSerialization.m */,
				095E06472122CC82000A57A8 /* JDAFURLResponseSerialization.h */,
				095E06482122CC82000A57A8 /* JDAFURLResponseSerialization.m */,
				095E06492122CC82000A57A8 /* JDAFURLSessionManager.h */,
				095E064A2122CC82000A57A8 /* JDAFURLSessionManager.m */,
			);
			path = JDAFNetworking;
			sourceTree = "<group>";
		};
		09FB7C8820D2902D0022FCCC = {
			isa = PBXGroup;
			children = (
				09FB7C9420D2902D0022FCCC /* StudySDK */,
				09FB7C9320D2902D0022FCCC /* Products */,
			);
			sourceTree = "<group>";
		};
		09FB7C9320D2902D0022FCCC /* Products */ = {
			isa = PBXGroup;
			children = (
				09FB7C9220D2902D0022FCCC /* StudySDK.framework */,
			);
			name = Products;
			sourceTree = "<group>";
		};
		09FB7C9420D2902D0022FCCC /* StudySDK */ = {
			isa = PBXGroup;
			children = (
				095E063C2122CC82000A57A8 /* JDAFNetworking */,
				09FB7C9520D2902D0022FCCC /* StudySDK.h */,
				09FB7C9620D2902D0022FCCC /* Info.plist */,
				09FB7CBF20D2908C0022FCCC /* SDKView.h */,
				09FB7CC020D2908C0022FCCC /* SDKView.m */,
			);
			path = StudySDK;
			sourceTree = "<group>";
		};
/* End PBXGroup section */

/* Begin PBXHeadersBuildPhase section */
		09FB7C8F20D2902D0022FCCC /* Headers */ = {
			isa = PBXHeadersBuildPhase;
			buildActionMask = 2147483647;
			files = (
				09FB7CC120D2908C0022FCCC /* SDKView.h in Headers */,
				095E064B2122CC83000A57A8 /* JDAFCompatibilityMacros.h in Headers */,
				095E06552122CC83000A57A8 /* JDAFURLResponseSerialization.h in Headers */,
				095E06532122CC83000A57A8 /* JDAFURLRequestSerialization.h in Headers */,
				095E06572122CC83000A57A8 /* JDAFURLSessionManager.h in Headers */,
				095E064F2122CC83000A57A8 /* JDAFNetworkReachabilityManager.h in Headers */,
				095E064C2122CC83000A57A8 /* JDAFHTTPSessionManager.h in Headers */,
				095E06512122CC83000A57A8 /* JDAFSecurityPolicy.h in Headers */,
				095E064E2122CC83000A57A8 /* JDAFNetworking.h in Headers */,
				09FB7C9720D2902D0022FCCC /* StudySDK.h in Headers */,
			);
			runOnlyForDeploymentPostprocessing = 0;
		};
/* End PBXHeadersBuildPhase section */

/* Begin PBXNativeTarget section */
		09FB7C9120D2902D0022FCCC /* StudySDK */ = {
			isa = PBXNativeTarget;
			buildConfigurationList = 09FB7C9A20D2902D0022FCCC /* Build configuration list for PBXNativeTarget "StudySDK" */;
			buildPhases = (
				09FB7C8D20D2902D0022FCCC /* Sources */,
				09FB7C8E20D2902D0022FCCC /* Frameworks */,
				09FB7C8F20D2902D0022FCCC /* Headers */,
				09FB7C9020D2902D0022FCCC /* Resources */,
				09FB7CC320D291600022FCCC /* ShellScript */,
			);
			buildRules = (
			);
			dependencies = (
			);
			name = StudySDK;
			productName = StudySDK;
			productReference = 09FB7C9220D2902D0022FCCC /* StudySDK.framework */;
			productType = "com.apple.product-type.framework";
		};
/* End PBXNativeTarget section */

/* Begin PBXProject section */
		09FB7C8920D2902D0022FCCC /* Project object */ = {
			isa = PBXProject;
			attributes = {
				LastUpgradeCheck = 0910;
				ORGANIZATIONNAME = HLY;
				TargetAttributes = {
					09FB7C9120D2902D0022FCCC = {
						CreatedOnToolsVersion = 9.1;
						ProvisioningStyle = Automatic;
					};
				};
			};
			buildConfigurationList = 09FB7C8C20D2902D0022FCCC /* Build configuration list for PBXProject "StudySDK" */;
			compatibilityVersion = "Xcode 8.0";
			developmentRegion = en;
			hasScannedForEncodings = 0;
			knownRegions = (
				en,
			);
			mainGroup = 09FB7C8820D2902D0022FCCC;
			productRefGroup = 09FB7C9320D2902D0022FCCC /* Products */;
			projectDirPath = "";
			projectRoot = "";
			targets = (
				09FB7C9120D2902D0022FCCC /* StudySDK */,
			);
		};
/* End PBXProject section */

/* Begin PBXResourcesBuildPhase section */
		09FB7C9020D2902D0022FCCC /* Resources */ = {
			isa = PBXResourcesBuildPhase;
			buildActionMask = 2147483647;
			files = (
			);
			runOnlyForDeploymentPostprocessing = 0;
		};
/* End PBXResourcesBuildPhase section */

/* Begin PBXShellScriptBuildPhase section */
		09FB7CC320D291600022FCCC /* ShellScript */ = {
			isa = PBXShellScriptBuildPhase;
			buildActionMask = 2147483647;
			files = (
			);
			inputPaths = (
			);
			outputPaths = (
			);
			runOnlyForDeploymentPostprocessing = 0;
			shellPath = /bin/sh;
			shellScript = "if [ \"${ACTION}\" = \"build\" ]\n\nthen\n\nINSTALL_DIR=${SRCROOT}/Products/${PROJECT_NAME}.framework\n\nDEVICE_DIR=${BUILD_ROOT}/${CONFIGURATION}-iphoneos/${PROJECT_NAME}.framework\n\nSIMULATOR_DIR=${BUILD_ROOT}/${CONFIGURATION}-iphonesimulator/${PROJECT_NAME}.framework\n\nif [ -d \"${INSTALL_DIR}\" ]\n\nthen\n\nrm -rf \"${INSTALL_DIR}\"\n\nfi\n\nmkdir -p \"${INSTALL_DIR}\"\n\ncp -R \"${DEVICE_DIR}/\" \"${INSTALL_DIR}/\"\n\n#ditto \"${DEVICE_DIR}/Headers\" \"${INSTALL_DIR}/Headers\"\n\nlipo -create \"${DEVICE_DIR}/${PROJECT_NAME}\" \"${SIMULATOR_DIR}/${PROJECT_NAME}\" -output \"${INSTALL_DIR}/${PROJECT_NAME}\"\n\n#open \"${DEVICE_DIR}\"\n\nopen \"${SRCROOT}/Products\"\n\nfi";
		};
/* End PBXShellScriptBuildPhase section */

/* Begin PBXSourcesBuildPhase section */
		09FB7C8D20D2902D0022FCCC /* Sources */ = {
			isa = PBXSourcesBuildPhase;
			buildActionMask = 2147483647;
			files = (
				095E06562122CC83000A57A8 /* JDAFURLResponseSerialization.m in Sources */,
				095E06542122CC83000A57A8 /* JDAFURLRequestSerialization.m in Sources */,
				095E06522122CC83000A57A8 /* JDAFSecurityPolicy.m in Sources */,
				095E06502122CC83000A57A8 /* JDAFNetworkReachabilityManager.m in Sources */,
				09FB7CC220D2908C0022FCCC /* SDKView.m in Sources */,
				095E06582122CC83000A57A8 /* JDAFURLSessionManager.m in Sources */,
				095E064D2122CC83000A57A8 /* JDAFHTTPSessionManager.m in Sources */,
			);
			runOnlyForDeploymentPostprocessing = 0;
		};
/* End PBXSourcesBuildPhase section */

/* Begin XCBuildConfiguration section */
		09FB7C9820D2902D0022FCCC /* Debug */ = {
			isa = XCBuildConfiguration;
			buildSettings = {
				ALWAYS_SEARCH_USER_PATHS = NO;
				CLANG_ANALYZER_NONNULL = YES;
				CLANG_ANALYZER_NUMBER_OBJECT_CONVERSION = YES_AGGRESSIVE;
				CLANG_CXX_LANGUAGE_STANDARD = "gnu++14";
				CLANG_CXX_LIBRARY = "libc++";
				CLANG_ENABLE_MODULES = YES;
				CLANG_ENABLE_OBJC_ARC = YES;
				CLANG_WARN_BLOCK_CAPTURE_AUTORELEASING = YES;
				CLANG_WARN_BOOL_CONVERSION = YES;
				CLANG_WARN_COMMA = YES;
				CLANG_WARN_CONSTANT_CONVERSION = YES;
				CLANG_WARN_DIRECT_OBJC_ISA_USAGE = YES_ERROR;
				CLANG_WARN_DOCUMENTATION_COMMENTS = YES;
				CLANG_WARN_EMPTY_BODY = YES;
				CLANG_WARN_ENUM_CONVERSION = YES;
				CLANG_WARN_INFINITE_RECURSION = YES;
				CLANG_WARN_INT_CONVERSION = YES;
				CLANG_WARN_NON_LITERAL_NULL_CONVERSION = YES;
				CLANG_WARN_OBJC_LITERAL_CONVERSION = YES;
				CLANG_WARN_OBJC_ROOT_CLASS = YES_ERROR;
				CLANG_WARN_RANGE_LOOP_ANALYSIS = YES;
				CLANG_WARN_STRICT_PROTOTYPES = YES;
				CLANG_WARN_SUSPICIOUS_MOVE = YES;
				CLANG_WARN_UNGUARDED_AVAILABILITY = YES_AGGRESSIVE;
				CLANG_WARN_UNREACHABLE_CODE = YES;
				CLANG_WARN__DUPLICATE_METHOD_MATCH = YES;
				CODE_SIGN_IDENTITY = "iPhone Developer";
				COPY_PHASE_STRIP = NO;
				CURRENT_PROJECT_VERSION = 1;
				DEBUG_INFORMATION_FORMAT = dwarf;
				ENABLE_STRICT_OBJC_MSGSEND = YES;
				ENABLE_TESTABILITY = YES;
				GCC_C_LANGUAGE_STANDARD = gnu11;
				GCC_DYNAMIC_NO_PIC = NO;
				GCC_NO_COMMON_BLOCKS = YES;
				GCC_OPTIMIZATION_LEVEL = 0;
				GCC_PREPROCESSOR_DEFINITIONS = (
					"DEBUG=1",
					"$(inherited)",
				);
				GCC_WARN_64_TO_32_BIT_CONVERSION = YES;
				GCC_WARN_ABOUT_RETURN_TYPE = YES_ERROR;
				GCC_WARN_UNDECLARED_SELECTOR = YES;
				GCC_WARN_UNINITIALIZED_AUTOS = YES_AGGRESSIVE;
				GCC_WARN_UNUSED_FUNCTION = YES;
				GCC_WARN_UNUSED_VARIABLE = YES;
				IPHONEOS_DEPLOYMENT_TARGET = 11.1;
				MTL_ENABLE_DEBUG_INFO = YES;
				ONLY_ACTIVE_ARCH = YES;
				SDKROOT = iphoneos;
				VERSIONING_SYSTEM = "apple-generic";
				VERSION_INFO_PREFIX = "";
			};
			name = Debug;
		};
		09FB7C9920D2902D0022FCCC /* Release */ = {
			isa = XCBuildConfiguration;
			buildSettings = {
				ALWAYS_SEARCH_USER_PATHS = NO;
				CLANG_ANALYZER_NONNULL = YES;
				CLANG_ANALYZER_NUMBER_OBJECT_CONVERSION = YES_AGGRESSIVE;
				CLANG_CXX_LANGUAGE_STANDARD = "gnu++14";
				CLANG_CXX_LIBRARY = "libc++";
				CLANG_ENABLE_MODULES = YES;
				CLANG_ENABLE_OBJC_ARC = YES;
				CLANG_WARN_BLOCK_CAPTURE_AUTORELEASING = YES;
				CLANG_WARN_BOOL_CONVERSION = YES;
				CLANG_WARN_COMMA = YES;
				CLANG_WARN_CONSTANT_CONVERSION = YES;
				CLANG_WARN_DIRECT_OBJC_ISA_USAGE = YES_ERROR;
				CLANG_WARN_DOCUMENTATION_COMMENTS = YES;
				CLANG_WARN_EMPTY_BODY = YES;
				CLANG_WARN_ENUM_CONVERSION = YES;
				CLANG_WARN_INFINITE_RECURSION = YES;
				CLANG_WARN_INT_CONVERSION = YES;
				CLANG_WARN_NON_LITERAL_NULL_CONVERSION = YES;
				CLANG_WARN_OBJC_LITERAL_CONVERSION = YES;
				CLANG_WARN_OBJC_ROOT_CLASS = YES_ERROR;
				CLANG_WARN_RANGE_LOOP_ANALYSIS = YES;
				CLANG_WARN_STRICT_PROTOTYPES = YES;
				CLANG_WARN_SUSPICIOUS_MOVE = YES;
				CLANG_WARN_UNGUARDED_AVAILABILITY = YES_AGGRESSIVE;
				CLANG_WARN_UNREACHABLE_CODE = YES;
				CLANG_WARN__DUPLICATE_METHOD_MATCH = YES;
				CODE_SIGN_IDENTITY = "iPhone Developer";
				COPY_PHASE_STRIP = NO;
				CURRENT_PROJECT_VERSION = 1;
				DEBUG_INFORMATION_FORMAT = "dwarf-with-dsym";
				ENABLE_NS_ASSERTIONS = NO;
				ENABLE_STRICT_OBJC_MSGSEND = YES;
				GCC_C_LANGUAGE_STANDARD = gnu11;
				GCC_NO_COMMON_BLOCKS = YES;
				GCC_WARN_64_TO_32_BIT_CONVERSION = YES;
				GCC_WARN_ABOUT_RETURN_TYPE = YES_ERROR;
				GCC_WARN_UNDECLARED_SELECTOR = YES;
				GCC_WARN_UNINITIALIZED_AUTOS = YES_AGGRESSIVE;
				GCC_WARN_UNUSED_FUNCTION = YES;
				GCC_WARN_UNUSED_VARIABLE = YES;
				IPHONEOS_DEPLOYMENT_TARGET = 11.1;
				MTL_ENABLE_DEBUG_INFO = NO;
				SDKROOT = iphoneos;
				VALIDATE_PRODUCT = YES;
				VERSIONING_SYSTEM = "apple-generic";
				VERSION_INFO_PREFIX = "";
			};
			name = Release;
		};
		09FB7C9B20D2902D0022FCCC /* Debug */ = {
			isa = XCBuildConfiguration;
			buildSettings = {
				CODE_SIGN_IDENTITY = "";
				CODE_SIGN_STYLE = Automatic;
				DEFINES_MODULE = YES;
				DEVELOPMENT_TEAM = 75WWG8XJE9;
				DYLIB_COMPATIBILITY_VERSION = 1;
				DYLIB_CURRENT_VERSION = 1;
				DYLIB_INSTALL_NAME_BASE = "@rpath";
				INFOPLIST_FILE = StudySDK/Info.plist;
				INSTALL_PATH = "$(LOCAL_LIBRARY_DIR)/Frameworks";
				IPHONEOS_DEPLOYMENT_TARGET = 8.0;
				LD_RUNPATH_SEARCH_PATHS = "$(inherited) @executable_path/Frameworks @loader_path/Frameworks";
				MACH_O_TYPE = staticlib;
				ONLY_ACTIVE_ARCH = NO;
				PRODUCT_BUNDLE_IDENTIFIER = cn.com.tongzhi.StudySDK;
				PRODUCT_NAME = "$(TARGET_NAME:c99extidentifier)";
				SKIP_INSTALL = YES;
				TARGETED_DEVICE_FAMILY = "1,2";
			};
			name = Debug;
		};
		09FB7C9C20D2902D0022FCCC /* Release */ = {
			isa = XCBuildConfiguration;
			buildSettings = {
				CODE_SIGN_IDENTITY = "";
				CODE_SIGN_STYLE = Automatic;
				DEFINES_MODULE = YES;
				DEVELOPMENT_TEAM = 75WWG8XJE9;
				DYLIB_COMPATIBILITY_VERSION = 1;
				DYLIB_CURRENT_VERSION = 1;
				DYLIB_INSTALL_NAME_BASE = "@rpath";
				INFOPLIST_FILE = StudySDK/Info.plist;
				INSTALL_PATH = "$(LOCAL_LIBRARY_DIR)/Frameworks";
				IPHONEOS_DEPLOYMENT_TARGET = 8.0;
				LD_RUNPATH_SEARCH_PATHS = "$(inherited) @executable_path/Frameworks @loader_path/Frameworks";
				MACH_O_TYPE = staticlib;
				ONLY_ACTIVE_ARCH = NO;
				PRODUCT_BUNDLE_IDENTIFIER = cn.com.tongzhi.StudySDK;
				PRODUCT_NAME = "$(TARGET_NAME:c99extidentifier)";
				SKIP_INSTALL = YES;
				TARGETED_DEVICE_FAMILY = "1,2";
			};
			name = Release;
		};
/* End XCBuildConfiguration section */

/* Begin XCConfigurationList section */
		09FB7C8C20D2902D0022FCCC /* Build configuration list for PBXProject "StudySDK" */ = {
			isa = XCConfigurationList;
			buildConfigurations = (
				09FB7C9820D2902D0022FCCC /* Debug */,
				09FB7C9920D2902D0022FCCC /* Release */,
			);
			defaultConfigurationIsVisible = 0;
			defaultConfigurationName = Release;
		};
		09FB7C9A20D2902D0022FCCC /* Build configuration list for PBXNativeTarget "StudySDK" */ = {
			isa = XCConfigurationList;
			buildConfigurations = (
				09FB7C9B20D2902D0022FCCC /* Debug */,
				09FB7C9C20D2902D0022FCCC /* Release */,
			);
			defaultConfigurationIsVisible = 0;
			defaultConfigurationName = Release;
		};
/* End XCConfigurationList section */
	};
	rootObject = 09FB7C8920D2902D0022FCCC /* Project object */;
}
